
Microsoft Visual Studio Solution File, Format Version 10.00
# Visual Studio 2008
Project("{2150E333-8FDC-42A3-9474-1A3956D46DE8}") = "Solution Items", "Solution Items", "{2A83BA75-AFCF-4555-A772-24132B8BA3B3}"
	ProjectSection(SolutionItems) = preProject
		CMakeLists.txt = CMakeLists.txt
		CTestConfig.cmake = CTestConfig.cmake
		CTestCustom.ctest = CTestCustom.ctest
		g4_vars.bat = g4_vars.bat
		g4vmc_vars.bat = g4vmc_vars.bat
		README_CMake = README_CMake
		Projects\TARGET.vcproj = Projects\TARGET.vcproj
		thisproject_variables.bat = thisproject_variables.bat
		vc++.bat = vc++.bat
		vgm_vars.bat = vgm_vars.bat
	EndProjectSection
EndProject
Project("{8BC9CEB8-8B4A-11D0-8D11-00A0C91BC942}") = "ilcroot", "ilcroot.vcproj", "{655D0587-929C-4495-AE93-8FDACE1E1298}"
EndProject
Project("{8BC9CEB8-8B4A-11D0-8D11-00A0C91BC942}") = "STEER", "Projects\STEER.vcproj", "{1B60B699-9ED3-4EB3-B096-B68CE1B6CB56}"
	ProjectSection(ProjectDependencies) = postProject
		{09F3CC27-C9E1-488A-A2DF-1C9C89B20EB1} = {09F3CC27-C9E1-488A-A2DF-1C9C89B20EB1}
	EndProjectSection
EndProject
Project("{8BC9CEB8-8B4A-11D0-8D11-00A0C91BC942}") = "CVG", "Projects\CVG.vcproj", "{09F3CC27-C9E1-488A-A2DF-1C9C89B20EB1}"
EndProject
Project("{8BC9CEB8-8B4A-11D0-8D11-00A0C91BC942}") = "RAW", "Projects\RAW.vcproj", "{20676623-672E-4F0B-B777-53EE21FD4ABB}"
	ProjectSection(ProjectDependencies) = postProject
		{09F3CC27-C9E1-488A-A2DF-1C9C89B20EB1} = {09F3CC27-C9E1-488A-A2DF-1C9C89B20EB1}
		{BFA1B163-A3C2-4A4F-A3E5-029CF36F7F87} = {BFA1B163-A3C2-4A4F-A3E5-029CF36F7F87}
		{BFB44B96-D591-4DAA-8248-8B9E665BB030} = {BFB44B96-D591-4DAA-8248-8B9E665BB030}
	EndProjectSection
EndProject
Project("{8BC9CEB8-8B4A-11D0-8D11-00A0C91BC942}") = "PYTHIA6", "Projects\STRUCT.vcproj", "{F7EC355D-47CF-4205-9D48-C5184E60CE98}"
	ProjectSection(ProjectDependencies) = postProject
		{1B60B699-9ED3-4EB3-B096-B68CE1B6CB56} = {1B60B699-9ED3-4EB3-B096-B68CE1B6CB56}
	EndProjectSection
EndProject
Project("{8BC9CEB8-8B4A-11D0-8D11-00A0C91BC942}") = "EVGEN", "Projects\EVGEN.vcproj", "{D99AB4A0-17BD-47C1-B3C5-ED8E70BDE830}"
	ProjectSection(ProjectDependencies) = postProject
		{09F3CC27-C9E1-488A-A2DF-1C9C89B20EB1} = {09F3CC27-C9E1-488A-A2DF-1C9C89B20EB1}
		{1140EA39-F937-44F0-9201-E0A238825309} = {1140EA39-F937-44F0-9201-E0A238825309}
		{BFA1B163-A3C2-4A4F-A3E5-029CF36F7F87} = {BFA1B163-A3C2-4A4F-A3E5-029CF36F7F87}
		{BFB44B96-D591-4DAA-8248-8B9E665BB030} = {BFB44B96-D591-4DAA-8248-8B9E665BB030}
		{1B60B699-9ED3-4EB3-B096-B68CE1B6CB56} = {1B60B699-9ED3-4EB3-B096-B68CE1B6CB56}
	EndProjectSection
EndProject
Project("{8BC9CEB8-8B4A-11D0-8D11-00A0C91BC942}") = "FASTSIM", "Projects\FASTSIM.vcproj", "{1140EA39-F937-44F0-9201-E0A238825309}"
	ProjectSection(ProjectDependencies) = postProject
		{09F3CC27-C9E1-488A-A2DF-1C9C89B20EB1} = {09F3CC27-C9E1-488A-A2DF-1C9C89B20EB1}
		{1B60B699-9ED3-4EB3-B096-B68CE1B6CB56} = {1B60B699-9ED3-4EB3-B096-B68CE1B6CB56}
	EndProjectSection
EndProject
Project("{8BC9CEB8-8B4A-11D0-8D11-00A0C91BC942}") = "STRUCT", "Projects\PYTHIA6.vcproj", "{D07091C7-2A79-492A-91F9-E964FBB5A51D}"
	ProjectSection(ProjectDependencies) = postProject
		{09F3CC27-C9E1-488A-A2DF-1C9C89B20EB1} = {09F3CC27-C9E1-488A-A2DF-1C9C89B20EB1}
		{BFB44B96-D591-4DAA-8248-8B9E665BB030} = {BFB44B96-D591-4DAA-8248-8B9E665BB030}
		{1B60B699-9ED3-4EB3-B096-B68CE1B6CB56} = {1B60B699-9ED3-4EB3-B096-B68CE1B6CB56}
	EndProjectSection
EndProject
Project("{8BC9CEB8-8B4A-11D0-8D11-00A0C91BC942}") = "STEERBase", "Projects\STEERBase.vcproj", "{BFB44B96-D591-4DAA-8248-8B9E665BB030}"
EndProject
Project("{8BC9CEB8-8B4A-11D0-8D11-00A0C91BC942}") = "ESD", "Projects\ESD.vcproj", "{BFA1B163-A3C2-4A4F-A3E5-029CF36F7F87}"
	ProjectSection(ProjectDependencies) = postProject
		{09F3CC27-C9E1-488A-A2DF-1C9C89B20EB1} = {09F3CC27-C9E1-488A-A2DF-1C9C89B20EB1}
		{BFB44B96-D591-4DAA-8248-8B9E665BB030} = {BFB44B96-D591-4DAA-8248-8B9E665BB030}
	EndProjectSection
EndProject
Project("{8BC9CEB8-8B4A-11D0-8D11-00A0C91BC942}") = "CDB", "Projects\CDB.vcproj", "{20E51663-26A6-4173-A7FC-C3C01EBD7CA0}"
	ProjectSection(ProjectDependencies) = postProject
		{BFB44B96-D591-4DAA-8248-8B9E665BB030} = {BFB44B96-D591-4DAA-8248-8B9E665BB030}
	EndProjectSection
EndProject
Project("{8BC9CEB8-8B4A-11D0-8D11-00A0C91BC942}") = "AOD", "Projects\AOD.vcproj", "{5DDF5E68-4563-420B-ACBE-620262171818}"
	ProjectSection(ProjectDependencies) = postProject
		{BFA1B163-A3C2-4A4F-A3E5-029CF36F7F87} = {BFA1B163-A3C2-4A4F-A3E5-029CF36F7F87}
		{BFB44B96-D591-4DAA-8248-8B9E665BB030} = {BFB44B96-D591-4DAA-8248-8B9E665BB030}
	EndProjectSection
EndProject
Project("{8BC9CEB8-8B4A-11D0-8D11-00A0C91BC942}") = "TARGET", "Projects\TARGET.vcproj", "{5A15AFDB-2C0F-4913-9842-3EFA16AB3470}"
	ProjectSection(ProjectDependencies) = postProject
		{20676623-672E-4F0B-B777-53EE21FD4ABB} = {20676623-672E-4F0B-B777-53EE21FD4ABB}
		{09F3CC27-C9E1-488A-A2DF-1C9C89B20EB1} = {09F3CC27-C9E1-488A-A2DF-1C9C89B20EB1}
		{BFA1B163-A3C2-4A4F-A3E5-029CF36F7F87} = {BFA1B163-A3C2-4A4F-A3E5-029CF36F7F87}
		{BFB44B96-D591-4DAA-8248-8B9E665BB030} = {BFB44B96-D591-4DAA-8248-8B9E665BB030}
		{1B60B699-9ED3-4EB3-B096-B68CE1B6CB56} = {1B60B699-9ED3-4EB3-B096-B68CE1B6CB56}
	EndProjectSection
EndProject
Project("{8BC9CEB8-8B4A-11D0-8D11-00A0C91BC942}") = "DCH", "Projects\DCH.vcproj", "{C931BCBC-0EC3-46A1-85F4-745A47BBCA7F}"
	ProjectSection(ProjectDependencies) = postProject
		{20676623-672E-4F0B-B777-53EE21FD4ABB} = {20676623-672E-4F0B-B777-53EE21FD4ABB}
		{09F3CC27-C9E1-488A-A2DF-1C9C89B20EB1} = {09F3CC27-C9E1-488A-A2DF-1C9C89B20EB1}
		{20E51663-26A6-4173-A7FC-C3C01EBD7CA0} = {20E51663-26A6-4173-A7FC-C3C01EBD7CA0}
		{BFA1B163-A3C2-4A4F-A3E5-029CF36F7F87} = {BFA1B163-A3C2-4A4F-A3E5-029CF36F7F87}
		{BFB44B96-D591-4DAA-8248-8B9E665BB030} = {BFB44B96-D591-4DAA-8248-8B9E665BB030}
		{1B60B699-9ED3-4EB3-B096-B68CE1B6CB56} = {1B60B699-9ED3-4EB3-B096-B68CE1B6CB56}
	EndProjectSection
EndProject
Project("{8BC9CEB8-8B4A-11D0-8D11-00A0C91BC942}") = "RSTACK", "Projects\RSTACK.vcproj", "{17D94F31-44DD-409C-8DF8-628531FD6FA3}"
	ProjectSection(ProjectDependencies) = postProject
		{20676623-672E-4F0B-B777-53EE21FD4ABB} = {20676623-672E-4F0B-B777-53EE21FD4ABB}
		{09F3CC27-C9E1-488A-A2DF-1C9C89B20EB1} = {09F3CC27-C9E1-488A-A2DF-1C9C89B20EB1}
		{20E51663-26A6-4173-A7FC-C3C01EBD7CA0} = {20E51663-26A6-4173-A7FC-C3C01EBD7CA0}
		{BFA1B163-A3C2-4A4F-A3E5-029CF36F7F87} = {BFA1B163-A3C2-4A4F-A3E5-029CF36F7F87}
		{BFB44B96-D591-4DAA-8248-8B9E665BB030} = {BFB44B96-D591-4DAA-8248-8B9E665BB030}
		{1B60B699-9ED3-4EB3-B096-B68CE1B6CB56} = {1B60B699-9ED3-4EB3-B096-B68CE1B6CB56}
	EndProjectSection
EndProject
Project("{2150E333-8FDC-42A3-9474-1A3956D46DE8}") = "Macros", "Macros", "{E8D3A2C3-2C53-4B7C-ACC5-00CE1FB7CCAC}"
	ProjectSection(SolutionItems) = preProject
		macros\Config.C = macros\Config.C
		macros\display2.C = macros\display2.C
		macros\IlcTPCComparisonForORKA.C = macros\IlcTPCComparisonForORKA.C
		macros\loadlibs.C = macros\loadlibs.C
		macros\rec.C = macros\rec.C
		macros\rootlogon.C = macros\rootlogon.C
		macros\sim.C = macros\sim.C
		macros\sim2.C = macros\sim2.C
	EndProjectSection
EndProject
Project("{8BC9CEB8-8B4A-11D0-8D11-00A0C91BC942}") = "PVBAR", "Projects\PVBAR.vcproj", "{3B983739-AAFE-44CA-B022-675BCE1C78FC}"
EndProject
Project("{8BC9CEB8-8B4A-11D0-8D11-00A0C91BC942}") = "PVEC", "Projects\PVEC.vcproj", "{AAC305E7-EFCF-48D3-86F5-50F08FBAC7F0}"
EndProject
Project("{8BC9CEB8-8B4A-11D0-8D11-00A0C91BC942}") = "PhysicsList", "Projects\PhysicsList.vcproj", "{90DB5CEF-FA9A-4880-B0D4-37AB153DA93F}"
	ProjectSection(ProjectDependencies) = postProject
		{1B60B699-9ED3-4EB3-B096-B68CE1B6CB56} = {1B60B699-9ED3-4EB3-B096-B68CE1B6CB56}
	EndProjectSection
EndProject
Project("{8BC9CEB8-8B4A-11D0-8D11-00A0C91BC942}") = "DISPLAY", "Projects\DISPLAY.vcproj", "{3072AB81-CAB8-49CD-BB09-52364F9E2CFD}"
	ProjectSection(ProjectDependencies) = postProject
		{BFA1B163-A3C2-4A4F-A3E5-029CF36F7F87} = {BFA1B163-A3C2-4A4F-A3E5-029CF36F7F87}
		{BFB44B96-D591-4DAA-8248-8B9E665BB030} = {BFB44B96-D591-4DAA-8248-8B9E665BB030}
		{1B60B699-9ED3-4EB3-B096-B68CE1B6CB56} = {1B60B699-9ED3-4EB3-B096-B68CE1B6CB56}
	EndProjectSection
EndProject
Project("{8BC9CEB8-8B4A-11D0-8D11-00A0C91BC942}") = "EVE", "ilceve.vcproj", "{FC109542-4293-4DB2-8BBF-93AF6F4DC283}"
EndProject
Project("{8BC9CEB8-8B4A-11D0-8D11-00A0C91BC942}") = "EVEbase", "Projects\EVEbase.vcproj", "{6D66ACC5-0A55-4BFB-8766-46230F9B42BF}"
EndProject
Project("{8BC9CEB8-8B4A-11D0-8D11-00A0C91BC942}") = "ANALYSIS", "Projects\ANALYSYS.vcproj", "{DD3D7C62-5C4F-4ACB-ACC9-DDDBFA48EA1C}"
EndProject
Project("{8BC9CEB8-8B4A-11D0-8D11-00A0C91BC942}") = "OADB", "Projects\OADB.vcproj", "{A99436C4-FA10-4917-AE3A-E4CC3806BC20}"
EndProject
Global
	GlobalSection(SubversionScc) = preSolution
		Svn-Managed = True
		Manager = AnkhSVN - Subversion Support for Visual Studio
	EndGlobalSection
	GlobalSection(SolutionConfigurationPlatforms) = preSolution
		Debug|Win32 = Debug|Win32
		Release|Win32 = Release|Win32
	EndGlobalSection
	GlobalSection(ProjectConfigurationPlatforms) = postSolution
		{655D0587-929C-4495-AE93-8FDACE1E1298}.Debug|Win32.ActiveCfg = Debug|Win32
		{655D0587-929C-4495-AE93-8FDACE1E1298}.Debug|Win32.Build.0 = Debug|Win32
		{655D0587-929C-4495-AE93-8FDACE1E1298}.Release|Win32.ActiveCfg = Release|Win32
		{655D0587-929C-4495-AE93-8FDACE1E1298}.Release|Win32.Build.0 = Release|Win32
		{1B60B699-9ED3-4EB3-B096-B68CE1B6CB56}.Debug|Win32.ActiveCfg = Debug|Win32
		{1B60B699-9ED3-4EB3-B096-B68CE1B6CB56}.Debug|Win32.Build.0 = Debug|Win32
		{1B60B699-9ED3-4EB3-B096-B68CE1B6CB56}.Release|Win32.ActiveCfg = Release|Win32
		{1B60B699-9ED3-4EB3-B096-B68CE1B6CB56}.Release|Win32.Build.0 = Release|Win32
		{09F3CC27-C9E1-488A-A2DF-1C9C89B20EB1}.Debug|Win32.ActiveCfg = Debug|Win32
		{09F3CC27-C9E1-488A-A2DF-1C9C89B20EB1}.Debug|Win32.Build.0 = Debug|Win32
		{09F3CC27-C9E1-488A-A2DF-1C9C89B20EB1}.Release|Win32.ActiveCfg = Release|Win32
		{09F3CC27-C9E1-488A-A2DF-1C9C89B20EB1}.Release|Win32.Build.0 = Release|Win32
		{20676623-672E-4F0B-B777-53EE21FD4ABB}.Debug|Win32.ActiveCfg = Debug|Win32
		{20676623-672E-4F0B-B777-53EE21FD4ABB}.Debug|Win32.Build.0 = Debug|Win32
		{20676623-672E-4F0B-B777-53EE21FD4ABB}.Release|Win32.ActiveCfg = Release|Win32
		{20676623-672E-4F0B-B777-53EE21FD4ABB}.Release|Win32.Build.0 = Release|Win32
		{F7EC355D-47CF-4205-9D48-C5184E60CE98}.Debug|Win32.ActiveCfg = Debug|Win32
		{F7EC355D-47CF-4205-9D48-C5184E60CE98}.Debug|Win32.Build.0 = Debug|Win32
		{F7EC355D-47CF-4205-9D48-C5184E60CE98}.Release|Win32.ActiveCfg = Release|Win32
		{F7EC355D-47CF-4205-9D48-C5184E60CE98}.Release|Win32.Build.0 = Release|Win32
		{D99AB4A0-17BD-47C1-B3C5-ED8E70BDE830}.Debug|Win32.ActiveCfg = Debug|Win32
		{D99AB4A0-17BD-47C1-B3C5-ED8E70BDE830}.Debug|Win32.Build.0 = Debug|Win32
		{D99AB4A0-17BD-47C1-B3C5-ED8E70BDE830}.Release|Win32.ActiveCfg = Release|Win32
		{D99AB4A0-17BD-47C1-B3C5-ED8E70BDE830}.Release|Win32.Build.0 = Release|Win32
		{1140EA39-F937-44F0-9201-E0A238825309}.Debug|Win32.ActiveCfg = Debug|Win32
		{1140EA39-F937-44F0-9201-E0A238825309}.Debug|Win32.Build.0 = Debug|Win32
		{1140EA39-F937-44F0-9201-E0A238825309}.Release|Win32.ActiveCfg = Release|Win32
		{1140EA39-F937-44F0-9201-E0A238825309}.Release|Win32.Build.0 = Release|Win32
		{D07091C7-2A79-492A-91F9-E964FBB5A51D}.Debug|Win32.ActiveCfg = Debug|Win32
		{D07091C7-2A79-492A-91F9-E964FBB5A51D}.Debug|Win32.Build.0 = Debug|Win32
		{D07091C7-2A79-492A-91F9-E964FBB5A51D}.Release|Win32.ActiveCfg = Release|Win32
		{D07091C7-2A79-492A-91F9-E964FBB5A51D}.Release|Win32.Build.0 = Release|Win32
		{BFB44B96-D591-4DAA-8248-8B9E665BB030}.Debug|Win32.ActiveCfg = Debug|Win32
		{BFB44B96-D591-4DAA-8248-8B9E665BB030}.Debug|Win32.Build.0 = Debug|Win32
		{BFB44B96-D591-4DAA-8248-8B9E665BB030}.Release|Win32.ActiveCfg = Release|Win32
		{BFB44B96-D591-4DAA-8248-8B9E665BB030}.Release|Win32.Build.0 = Release|Win32
		{BFA1B163-A3C2-4A4F-A3E5-029CF36F7F87}.Debug|Win32.ActiveCfg = Debug|Win32
		{BFA1B163-A3C2-4A4F-A3E5-029CF36F7F87}.Debug|Win32.Build.0 = Debug|Win32
		{BFA1B163-A3C2-4A4F-A3E5-029CF36F7F87}.Release|Win32.ActiveCfg = Release|Win32
		{BFA1B163-A3C2-4A4F-A3E5-029CF36F7F87}.Release|Win32.Build.0 = Release|Win32
		{20E51663-26A6-4173-A7FC-C3C01EBD7CA0}.Debug|Win32.ActiveCfg = Debug|Win32
		{20E51663-26A6-4173-A7FC-C3C01EBD7CA0}.Debug|Win32.Build.0 = Debug|Win32
		{20E51663-26A6-4173-A7FC-C3C01EBD7CA0}.Release|Win32.ActiveCfg = Release|Win32
		{20E51663-26A6-4173-A7FC-C3C01EBD7CA0}.Release|Win32.Build.0 = Release|Win32
		{5DDF5E68-4563-420B-ACBE-620262171818}.Debug|Win32.ActiveCfg = Debug|Win32
		{5DDF5E68-4563-420B-ACBE-620262171818}.Debug|Win32.Build.0 = Debug|Win32
		{5DDF5E68-4563-420B-ACBE-620262171818}.Release|Win32.ActiveCfg = Release|Win32
		{5DDF5E68-4563-420B-ACBE-620262171818}.Release|Win32.Build.0 = Release|Win32
		{5A15AFDB-2C0F-4913-9842-3EFA16AB3470}.Debug|Win32.ActiveCfg = Debug|Win32
		{5A15AFDB-2C0F-4913-9842-3EFA16AB3470}.Debug|Win32.Build.0 = Debug|Win32
		{5A15AFDB-2C0F-4913-9842-3EFA16AB3470}.Release|Win32.ActiveCfg = Release|Win32
		{5A15AFDB-2C0F-4913-9842-3EFA16AB3470}.Release|Win32.Build.0 = Release|Win32
		{C931BCBC-0EC3-46A1-85F4-745A47BBCA7F}.Debug|Win32.ActiveCfg = Debug|Win32
		{C931BCBC-0EC3-46A1-85F4-745A47BBCA7F}.Debug|Win32.Build.0 = Debug|Win32
		{C931BCBC-0EC3-46A1-85F4-745A47BBCA7F}.Release|Win32.ActiveCfg = Release|Win32
		{C931BCBC-0EC3-46A1-85F4-745A47BBCA7F}.Release|Win32.Build.0 = Release|Win32
		{17D94F31-44DD-409C-8DF8-628531FD6FA3}.Debug|Win32.ActiveCfg = Debug|Win32
		{17D94F31-44DD-409C-8DF8-628531FD6FA3}.Debug|Win32.Build.0 = Debug|Win32
		{17D94F31-44DD-409C-8DF8-628531FD6FA3}.Release|Win32.ActiveCfg = Release|Win32
		{17D94F31-44DD-409C-8DF8-628531FD6FA3}.Release|Win32.Build.0 = Release|Win32
		{3B983739-AAFE-44CA-B022-675BCE1C78FC}.Debug|Win32.ActiveCfg = Debug|Win32
		{3B983739-AAFE-44CA-B022-675BCE1C78FC}.Debug|Win32.Build.0 = Debug|Win32
		{3B983739-AAFE-44CA-B022-675BCE1C78FC}.Release|Win32.ActiveCfg = Release|Win32
		{3B983739-AAFE-44CA-B022-675BCE1C78FC}.Release|Win32.Build.0 = Release|Win32
		{AAC305E7-EFCF-48D3-86F5-50F08FBAC7F0}.Debug|Win32.ActiveCfg = Debug|Win32
		{AAC305E7-EFCF-48D3-86F5-50F08FBAC7F0}.Debug|Win32.Build.0 = Debug|Win32
		{AAC305E7-EFCF-48D3-86F5-50F08FBAC7F0}.Release|Win32.ActiveCfg = Release|Win32
		{AAC305E7-EFCF-48D3-86F5-50F08FBAC7F0}.Release|Win32.Build.0 = Release|Win32
		{90DB5CEF-FA9A-4880-B0D4-37AB153DA93F}.Debug|Win32.ActiveCfg = Debug|Win32
		{90DB5CEF-FA9A-4880-B0D4-37AB153DA93F}.Debug|Win32.Build.0 = Debug|Win32
		{90DB5CEF-FA9A-4880-B0D4-37AB153DA93F}.Release|Win32.ActiveCfg = Release|Win32
		{90DB5CEF-FA9A-4880-B0D4-37AB153DA93F}.Release|Win32.Build.0 = Release|Win32
		{3072AB81-CAB8-49CD-BB09-52364F9E2CFD}.Debug|Win32.ActiveCfg = Debug|Win32
		{3072AB81-CAB8-49CD-BB09-52364F9E2CFD}.Debug|Win32.Build.0 = Debug|Win32
		{3072AB81-CAB8-49CD-BB09-52364F9E2CFD}.Release|Win32.ActiveCfg = Release|Win32
		{3072AB81-CAB8-49CD-BB09-52364F9E2CFD}.Release|Win32.Build.0 = Release|Win32
		{FC109542-4293-4DB2-8BBF-93AF6F4DC283}.Debug|Win32.ActiveCfg = Debug|Win32
		{FC109542-4293-4DB2-8BBF-93AF6F4DC283}.Debug|Win32.Build.0 = Debug|Win32
		{FC109542-4293-4DB2-8BBF-93AF6F4DC283}.Release|Win32.ActiveCfg = Release|Win32
		{FC109542-4293-4DB2-8BBF-93AF6F4DC283}.Release|Win32.Build.0 = Release|Win32
		{6D66ACC5-0A55-4BFB-8766-46230F9B42BF}.Debug|Win32.ActiveCfg = Debug|Win32
		{6D66ACC5-0A55-4BFB-8766-46230F9B42BF}.Debug|Win32.Build.0 = Debug|Win32
		{6D66ACC5-0A55-4BFB-8766-46230F9B42BF}.Release|Win32.ActiveCfg = Release|Win32
		{6D66ACC5-0A55-4BFB-8766-46230F9B42BF}.Release|Win32.Build.0 = Release|Win32
		{DD3D7C62-5C4F-4ACB-ACC9-DDDBFA48EA1C}.Debug|Win32.ActiveCfg = Debug|Win32
		{DD3D7C62-5C4F-4ACB-ACC9-DDDBFA48EA1C}.Debug|Win32.Build.0 = Debug|Win32
		{DD3D7C62-5C4F-4ACB-ACC9-DDDBFA48EA1C}.Release|Win32.ActiveCfg = Release|Win32
		{DD3D7C62-5C4F-4ACB-ACC9-DDDBFA48EA1C}.Release|Win32.Build.0 = Release|Win32
		{A99436C4-FA10-4917-AE3A-E4CC3806BC20}.Debug|Win32.ActiveCfg = Debug|Win32
		{A99436C4-FA10-4917-AE3A-E4CC3806BC20}.Debug|Win32.Build.0 = Debug|Win32
		{A99436C4-FA10-4917-AE3A-E4CC3806BC20}.Release|Win32.ActiveCfg = Release|Win32
		{A99436C4-FA10-4917-AE3A-E4CC3806BC20}.Release|Win32.Build.0 = Release|Win32
	EndGlobalSection
	GlobalSection(SolutionProperties) = preSolution
		HideSolutionNode = FALSE
	EndGlobalSection
EndGlobal
