
Microsoft Visual Studio Solution File, Format Version 10.00
# Visual Studio 2008
Project("{2150E333-8FDC-42A3-9474-1A3956D46DE8}") = "Solution Items", "Solution Items", "{2A83BA75-AFCF-4555-A772-24132B8BA3B3}"
	ProjectSection(SolutionItems) = preProject
		CMakeLists.txt = CMakeLists.txt
		CTestConfig.cmake = CTestConfig.cmake
		CTestCustom.ctest = CTestCustom.ctest
		g4_vars.bat = g4_vars.bat
		g4vmc_vars.bat = g4vmc_vars.bat
		README_CMake = README_CMake
		Projects\TARGET.vcproj = Projects\TARGET.vcproj
		thisproject_variables.bat = thisproject_variables.bat
		vc++.bat = vc++.bat
		vgm_vars.bat = vgm_vars.bat
	EndProjectSection
EndProject
Project("{8BC9CEB8-8B4A-11D0-8D11-00A0C91BC942}") = "ilcroot", "ilcroot.vcproj", "{655D0587-929C-4495-AE93-8FDACE1E1298}"
EndProject
Project("{8BC9CEB8-8B4A-11D0-8D11-00A0C91BC942}") = "STEER", "Projects\STEER.vcproj", "{1B60B699-9ED3-4EB3-B096-B68CE1B6CB56}"
	ProjectSection(ProjectDependencies) = postProject
		{09F3CC27-C9E1-488A-A2DF-1C9C89B20EB1} = {09F3CC27-C9E1-488A-A2DF-1C9C89B20EB1}
	EndProjectSection
EndProject
Project("{8BC9CEB8-8B4A-11D0-8D11-00A0C91BC942}") = "CVG", "Projects\CVG.vcproj", "{09F3CC27-C9E1-488A-A2DF-1C9C89B20EB1}"
EndProject
Project("{8BC9CEB8-8B4A-11D0-8D11-00A0C91BC942}") = "RAW", "Projects\RAW.vcproj", "{20676623-672E-4F0B-B777-53EE21FD4ABB}"
	ProjectSection(ProjectDependencies) = postProject
		{09F3CC27-C9E1-488A-A2DF-1C9C89B20EB1} = {09F3CC27-C9E1-488A-A2DF-1C9C89B20EB1}
		{BFA1B163-A3C2-4A4F-A3E5-029CF36F7F87} = {BFA1B163-A3C2-4A4F-A3E5-029CF36F7F87}
		{BFB44B96-D591-4DAA-8248-8B9E665BB030} = {BFB44B96-D591-4DAA-8248-8B9E665BB030}
	EndProjectSection
EndProject
Project("{8BC9CEB8-8B4A-11D0-8D11-00A0C91BC942}") = "PYTHIA6", "Projects\STRUCT.vcproj", "{F7EC355D-47CF-4205-9D48-C5184E60CE98}"
	ProjectSection(ProjectDependencies) = postProject
		{1B60B699-9ED3-4EB3-B096-B68CE1B6CB56} = {1B60B699-9ED3-4EB3-B096-B68CE1B6CB56}
	EndProjectSection
EndProject
Project("{8BC9CEB8-8B4A-11D0-8D11-00A0C91BC942}") = "EVGEN", "Projects\EVGEN.vcproj", "{D99AB4A0-17BD-47C1-B3C5-ED8E70BDE830}"
	ProjectSection(ProjectDependencies) = postProject
		{09F3CC27-C9E1-488A-A2DF-1C9C89B20EB1} = {09F3CC27-C9E1-488A-A2DF-1C9C89B20EB1}
		{1140EA39-F937-44F0-9201-E0A238825309} = {1140EA39-F937-44F0-9201-E0A238825309}
		{BFA1B163-A3C2-4A4F-A3E5-029CF36F7F87} = {BFA1B163-A3C2-4A4F-A3E5-029CF36F7F87}
		{BFB44B96-D591-4DAA-8248-8B9E665BB030} = {BFB44B96-D591-4DAA-8248-8B9E665BB030}
		{1B60B699-9ED3-4EB3-B096-B68CE1B6CB56} = {1B60B699-9ED3-4EB3-B096-B68CE1B6CB56}
	EndProjectSection
EndProject
Project("{8BC9CEB8-8B4A-11D0-8D11-00A0C91BC942}") = "FASTSIM", "Projects\FASTSIM.vcproj", "{1140EA39-F937-44F0-9201-E0A238825309}"
	ProjectSection(ProjectDependencies) = postProject
		{09F3CC27-C9E1-488A-A2DF-1C9C89B20EB1} = {09F3CC27-C9E1-488A-A2DF-1C9C89B20EB1}
		{1B60B699-9ED3-4EB3-B096-B68CE1B6CB56} = {1B60B699-9ED3-4EB3-B096-B68CE1B6CB56}
	EndProjectSection
EndProject
Project("{8BC9CEB8-8B4A-11D0-8D11-00A0C91BC942}") = "STRUCT", "Projects\PYTHIA6.vcproj", "{D07091C7-2A79-492A-91F9-E964FBB5A51D}"
	ProjectSection(ProjectDependencies) = postProject
		{09F3CC27-C9E1-488A-A2DF-1C9C89B20EB1} = {09F3CC27-C9E1-488A-A2DF-1C9C89B20EB1}
		{BFB44B96-D591-4DAA-8248-8B9E665BB030} = {BFB44B96-D591-4DAA-8248-8B9E665BB030}
		{1B60B699-9ED3-4EB3-B096-B68CE1B6CB56} = {1B60B699-9ED3-4EB3-B096-B68CE1B6CB56}
	EndProjectSection
EndProject
Project("{8BC9CEB8-8B4A-11D0-8D11-00A0C91BC942}") = "STEERBase", "Projects\STEERBase.vcproj", "{BFB44B96-D591-4DAA-8248-8B9E665BB030}"
EndProject
Project("{8BC9CEB8-8B4A-11D0-8D11-00A0C91BC942}") = "ESD", "Projects\ESD.vcproj", "{BFA1B163-A3C2-4A4F-A3E5-029CF36F7F87}"
	ProjectSection(ProjectDependencies) = postProject
		{09F3CC27-C9E1-488A-A2DF-1C9C89B20EB1} = {09F3CC27-C9E1-488A-A2DF-1C9C89B20EB1}
		{BFB44B96-D591-4DAA-8248-8B9E665BB030} = {BFB44B96-D591-4DAA-8248-8B9E665BB030}
	EndProjectSection
EndProject
Project("{8BC9CEB8-8B4A-11D0-8D11-00A0C91BC942}") = "CDB", "Projects\CDB.vcproj", "{20E51663-26A6-4173-A7FC-C3C01EBD7CA0}"
	ProjectSection(ProjectDependencies) = postProject
		{BFB44B96-D591-4DAA-8248-8B9E665BB030} = {BFB44B96-D591-4DAA-8248-8B9E665BB030}
	EndProjectSection
EndProject
Project("{8BC9CEB8-8B4A-11D0-8D11-00A0C91BC942}") = "AOD", "Projects\AOD.vcproj", "{5DDF5E68-4563-420B-ACBE-620262171818}"
	ProjectSection(ProjectDependencies) = postProject
		{BFA1B163-A3C2-4A4F-A3E5-029CF36F7F87} = {BFA1B163-A3C2-4A4F-A3E5-029CF36F7F87}
		{BFB44B96-D591-4DAA-8248-8B9E665BB030} = {BFB44B96-D591-4DAA-8248-8B9E665BB030}
	EndProjectSection
EndProject
Project("{8BC9CEB8-8B4A-11D0-8D11-00A0C91BC942}") = "TARGET", "Projects\TARGET.vcproj", "{5A15AFDB-2C0F-4913-9842-3EFA16AB3470}"
	ProjectSection(ProjectDependencies) = postProject
		{20676623-672E-4F0B-B777-53EE21FD4ABB} = {20676623-672E-4F0B-B777-53EE21FD4ABB}
		{09F3CC27-C9E1-488A-A2DF-1C9C89B20EB1} = {09F3CC27-C9E1-488A-A2DF-1C9C89B20EB1}
		{BFA1B163-A3C2-4A4F-A3E5-029CF36F7F87} = {BFA1B163-A3C2-4A4F-A3E5-029CF36F7F87}
		{BFB44B96-D591-4DAA-8248-8B9E665BB030} = {BFB44B96-D591-4DAA-8248-8B9E665BB030}
		{1B60B699-9ED3-4EB3-B096-B68CE1B6CB56} = {1B60B699-9ED3-4EB3-B096-B68CE1B6CB56}
	EndProjectSection
EndProject
Project("{8BC9CEB8-8B4A-11D0-8D11-00A0C91BC942}") = "DCH", "Projects\DCH.vcproj", "{C931BCBC-0EC3-46A1-85F4-745A47BBCA7F}"
	ProjectSection(ProjectDependencies) = postProject
		{20676623-672E-4F0B-B777-53EE21FD4ABB} = {20676623-672E-4F0B-B777-53EE21FD4ABB}
		{09F3CC27-C9E1-488A-A2DF-1C9C89B20EB1} = {09F3CC27-C9E1-488A-A2DF-1C9C89B20EB1}
		{20E51663-26A6-4173-A7FC-C3C01EBD7CA0} = {20E51663-26A6-4173-A7FC-C3C01EBD7CA0}
		{BFA1B163-A3C2-4A4F-A3E5-029CF36F7F87} = {BFA1B163-A3C2-4A4F-A3E5-029CF36F7F87}
		{BFB44B96-D591-4DAA-8248-8B9E665BB030} = {BFB44B96-D591-4DAA-8248-8B9E665BB030}
		{1B60B699-9ED3-4EB3-B096-B68CE1B6CB56} = {1B60B699-9ED3-4EB3-B096-B68CE1B6CB56}
	EndProjectSection
EndProject
Project("{8BC9CEB8-8B4A-11D0-8D11-00A0C91BC942}") = "RSTACK", "Projects\RSTACK.vcproj", "{17D94F31-44DD-409C-8DF8-628531FD6FA3}"
	ProjectSection(ProjectDependencies) = postProject
		{20676623-672E-4F0B-B777-53EE21FD4ABB} = {20676623-672E-4F0B-B777-53EE21FD4ABB}
		{09F3CC27-C9E1-488A-A2DF-1C9C89B20EB1} = {09F3CC27-C9E1-488A-A2DF-1C9C89B20EB1}
		{20E51663-26A6-4173-A7FC-C3C01EBD7CA0} = {20E51663-26A6-4173-A7FC-C3C01EBD7CA0}
		{BFA1B163-A3C2-4A4F-A3E5-029CF36F7F87} = {BFA1B163-A3C2-4A4F-A3E5-029CF36F7F87}
		{BFB44B96-D591-4DAA-8248-8B9E665BB030} = {BFB44B96-D591-4DAA-8248-8B9E665BB030}
		{1B60B699-9ED3-4EB3-B096-B68CE1B6CB56} = {1B60B699-9ED3-4EB3-B096-B68CE1B6CB56}
	EndProjectSection
EndProject
Project("{2150E333-8FDC-42A3-9474-1A3956D46DE8}") = "Macros", "Macros", "{E8D3A2C3-2C53-4B7C-ACC5-00CE1FB7CCAC}"
	ProjectSection(SolutionItems) = preProject
		macros\Config.C = macros\Config.C
		macros\display2.C = macros\display2.C
		macros\IlcTPCComparisonForORKA.C = macros\IlcTPCComparisonForORKA.C
		macros\loadlibs.C = macros\loadlibs.C
		macros\rec.C = macros\rec.C
		macros\rootlogon.C = macros\rootlogon.C
		macros\sim.C = macros\sim.C
		macros\sim2.C = macros\sim2.C
	EndProjectSection
EndProject
Project("{8BC9CEB8-8B4A-11D0-8D11-00A0C91BC942}") = "PVBAR", "Projects\PVBAR.vcproj", "{3B983739-AAFE-44CA-B022-675BCE1C78FC}"
EndProject
Project("{8BC9CEB8-8B4A-11D0-8D11-00A0C91BC942}") = "PVEC", "Projects\PVEC.vcproj", "{AAC305E7-EFCF-48D3-86F5-50F08FBAC7F0}"
EndProject
Project("{8BC9CEB8-8B4A-11D0-8D11-00A0C91BC942}") = "PhysicsList", "Projects\PhysicsList.vcproj", "{90DB5CEF-FA9A-4880-B0D4-37AB153DA93F}"
	ProjectSection(ProjectDependencies) = postProject
		{1B60B699-9ED3-4EB3-B096-B68CE1B6CB56} = {1B60B699-9ED3-4EB3-B096-B68CE1B6CB56}
	EndProjectSection
EndProject
Project("{8BC9CEB8-8B4A-11D0-8D11-00A0C91BC942}") = "DISPLAY", "Projects\DISPLAY.vcproj", "{3072AB81-CAB8-49CD-BB09-52364F9E2CFD}"
	ProjectSection(ProjectDependencies) = postProject
		{BFA1B163-A3C2-4A4F-A3E5-029CF36F7F87} = {BFA1B163-A3C2-4A4F-A3E5-029CF36F7F87}
		{BFB44B96-D591-4DAA-8248-8B9E665BB030} = {BFB44B96-D591-4DAA-8248-8B9E665BB030}
		{1B60B699-9ED3-4EB3-B096-B68CE1B6CB56} = {1B60B699-9ED3-4EB3-B096-B68CE1B6CB56}
	EndProjectSection
EndProject
Project("{8BC9CEB8-8B4A-11D0-8D11-00A0C91BC942}") = "EVE", "ilceve.vcproj", "{FC109542-4293-4DB2-8BBF-93AF6F4DC283}"
EndProject
Project("{8BC9CEB8-8B4A-11D0-8D11-00A0C91BC942}") = "EVEbase", "Projects\EVEbase.vcproj", "{6D66ACC5-0A55-4BFB-8766-46230F9B42BF}"
EndProject
Project("{2150E333-8FDC-42A3-9474-1A3956D46DE8}") = "Include", "Include", "{73B8E086-EC43-405E-AE27-58143BFAD4F4}"
	ProjectSection(SolutionItems) = preProject
		include\ABSOConst.h = include\ABSOConst.h
		include\AODHeaders.h = include\AODHeaders.h
		include\AODLinkDef.h = include\AODLinkDef.h
		include\ARVersion.h = include\ARVersion.h
		include\canevas.h = include\canevas.h
		include\CDBHeaders.h = include\CDBHeaders.h
		include\CDBLinkDef.h = include\CDBLinkDef.h
		include\cvg.h = include\cvg.h
		include\CVGresource.h = include\CVGresource.h
		include\CVGresources.h = include\CVGresources.h
		include\CVGtime.h = include\CVGtime.h
		include\cvgtypes.h = include\cvgtypes.h
		include\CVGtypesizes.h = include\CVGtypesizes.h
		include\CVGwordsize.h = include\CVGwordsize.h
		include\DCHbaseLinkDef.h = include\DCHbaseLinkDef.h
		include\DCHfastLinkDef.h = include\DCHfastLinkDef.h
		include\DCHLinkDef.h = include\DCHLinkDef.h
		include\DCHrecLinkDef.h = include\DCHrecLinkDef.h
		include\DCHsimLinkDef.h = include\DCHsimLinkDef.h
		include\DISPLAYHeaders.h = include\DISPLAYHeaders.h
		include\DISPLAYLinkDef.h = include\DISPLAYLinkDef.h
		include\ESDHeaders.h = include\ESDHeaders.h
		include\ESDLinkDef.h = include\ESDLinkDef.h
		include\EveBaseHeaders.h = include\EveBaseHeaders.h
		include\EveBaseLinkDef.h = include\EveBaseLinkDef.h
		include\event.h = include\event.h
		include\EVGENLinkDef.h = include\EVGENLinkDef.h
		include\FASTSIMLinkDef.h = include\FASTSIMLinkDef.h
		include\IlcABSO.h = include\IlcABSO.h
		include\IlcABSOv3.h = include\IlcABSOv3.h
		include\IlcAlignmentTracks.h = include\IlcAlignmentTracks.h
		include\IlcAlignObj.h = include\IlcAlignObj.h
		include\IlcAlignObjMatrix.h = include\IlcAlignObjMatrix.h
		include\IlcAlignObjParams.h = include\IlcAlignObjParams.h
		include\IlcAltroBuffer.h = include\IlcAltroBuffer.h
		include\IlcAltroBufferV3.h = include\IlcAltroBufferV3.h
		include\IlcAltroMapping.h = include\IlcAltroMapping.h
		include\IlcAltroRawStream.h = include\IlcAltroRawStream.h
		include\IlcAltroRawStreamV3.h = include\IlcAltroRawStreamV3.h
		include\IlcAODBranchReplicator.h = include\IlcAODBranchReplicator.h
		include\IlcAODCaloCells.h = include\IlcAODCaloCells.h
		include\IlcAODCaloCluster.h = include\IlcAODCaloCluster.h
		include\IlcAODCaloTrigger.h = include\IlcAODCaloTrigger.h
		include\IlcAODcascade.h = include\IlcAODcascade.h
		include\IlcAODCluster.h = include\IlcAODCluster.h
		include\IlcAODDiJet.h = include\IlcAODDiJet.h
		include\IlcAODDimuon.h = include\IlcAODDimuon.h
		include\IlcAODEvent.h = include\IlcAODEvent.h
		include\IlcAODExtension.h = include\IlcAODExtension.h
		include\IlcAODFmdCluster.h = include\IlcAODFmdCluster.h
		include\IlcAODHandler.h = include\IlcAODHandler.h
		include\IlcAODHeader.h = include\IlcAODHeader.h
		include\IlcAODHMPIDrings.h = include\IlcAODHMPIDrings.h
		include\IlcAODInputHandler.h = include\IlcAODInputHandler.h
		include\IlcAODJet.h = include\IlcAODJet.h
		include\IlcAODJetEventBackground.h = include\IlcAODJetEventBackground.h
		include\IlcAODMCHeader.h = include\IlcAODMCHeader.h
		include\IlcAODMCParticle.h = include\IlcAODMCParticle.h
		include\IlcAODPhoton.h = include\IlcAODPhoton.h
		include\IlcAODPid.h = include\IlcAODPid.h
		include\IlcAODpidUtil.h = include\IlcAODpidUtil.h
		include\IlcAODPmdCluster.h = include\IlcAODPmdCluster.h
		include\IlcAODPWG4Particle.h = include\IlcAODPWG4Particle.h
		include\IlcAODPWG4ParticleCorrelation.h = include\IlcAODPWG4ParticleCorrelation.h
		include\IlcAODRecoDecay.h = include\IlcAODRecoDecay.h
		include\IlcAODRedCov.h = include\IlcAODRedCov.h
		include\IlcAODTagCreator.h = include\IlcAODTagCreator.h
		include\IlcAODTrack.h = include\IlcAODTrack.h
		include\IlcAODTracklets.h = include\IlcAODTracklets.h
		include\IlcAODTZERO.h = include\IlcAODTZERO.h
		include\IlcAODv0.h = include\IlcAODv0.h
		include\IlcAODVertex.h = include\IlcAODVertex.h
		include\IlcAODVZERO.h = include\IlcAODVZERO.h
		include\IlcAODZDC.h = include\IlcAODZDC.h
		include\IlcBaseCalibViewer.h = include\IlcBaseCalibViewer.h
		include\IlcBaseCalibViewerGUI.h = include\IlcBaseCalibViewerGUI.h
		include\IlcBaseLoader.h = include\IlcBaseLoader.h
		include\IlcBitPacking.h = include\IlcBitPacking.h
		include\IlcBODY.h = include\IlcBODY.h
		include\IlcCalibViewerGUItime.h = include\IlcCalibViewerGUItime.h
		include\IlcCallf77.h = include\IlcCallf77.h
		include\IlcCaloAltroMapping.h = include\IlcCaloAltroMapping.h
		include\IlcCaloFastAltroFitv0.h = include\IlcCaloFastAltroFitv0.h
		include\IlcCaloRawStream.h = include\IlcCaloRawStream.h
		include\IlcCaloRawStreamV3.h = include\IlcCaloRawStreamV3.h
		include\IlcCascadeVertexer.h = include\IlcCascadeVertexer.h
		include\IlcCDBDump.h = include\IlcCDBDump.h
		include\IlcCDBEntry.h = include\IlcCDBEntry.h
		include\IlcCDBGrid.h = include\IlcCDBGrid.h
		include\IlcCDBHandler.h = include\IlcCDBHandler.h
		include\IlcCDBId.h = include\IlcCDBId.h
		include\IlcCDBLocal.h = include\IlcCDBLocal.h
		include\IlcCDBManager.h = include\IlcCDBManager.h
		include\IlcCDBMetaData.h = include\IlcCDBMetaData.h
		include\IlcCDBPath.h = include\IlcCDBPath.h
		include\IlcCDBRunRange.h = include\IlcCDBRunRange.h
		include\IlcCDBStorage.h = include\IlcCDBStorage.h
		include\IlcCentrality.h = include\IlcCentrality.h
		include\IlcCentralTrigger.h = include\IlcCentralTrigger.h
		include\IlcCheb3D.h = include\IlcCheb3D.h
		include\IlcCheb3DCalc.h = include\IlcCheb3DCalc.h
		include\IlcCluster.h = include\IlcCluster.h
		include\IlcCluster3D.h = include\IlcCluster3D.h
		include\IlcCodeTimer.h = include\IlcCodeTimer.h
		include\IlcCollisionGeometry.h = include\IlcCollisionGeometry.h
		include\IlcComplexCluster.h = include\IlcComplexCluster.h
		include\IlcConfig.h = include\IlcConfig.h
		include\IlcConst.h = include\IlcConst.h
		include\IlcCorrQAChecker.h = include\IlcCorrQAChecker.h
		include\IlcCorrQADataMakerRec.h = include\IlcCorrQADataMakerRec.h
		include\IlcCounterCollection.h = include\IlcCounterCollection.h
		include\IlcCTPInputTimeParams.h = include\IlcCTPInputTimeParams.h
		include\IlcCTPRawData.h = include\IlcCTPRawData.h
		include\IlcCTPRawStream.h = include\IlcCTPRawStream.h
		include\IlcCTPTimeParams.h = include\IlcCTPTimeParams.h
		include\IlcDAQ.h = include\IlcDAQ.h
		include\IlcDataLoader.h = include\IlcDataLoader.h
		include\IlcDBPPR.h = include\IlcDBPPR.h
		include\IlcDBPPRS.h = include\IlcDBPPRS.h
		include\IlcDCH.h = include\IlcDCH.h
		include\IlcDCHarrayF.h = include\IlcDCHarrayF.h
		include\IlcDCHarrayI.h = include\IlcDCHarrayI.h
		include\IlcDCHcalibDB.h = include\IlcDCHcalibDB.h
		include\IlcDCHCalibra.h = include\IlcDCHCalibra.h
		include\IlcDCHcluster.h = include\IlcDCHcluster.h
		include\IlcDCHclusterCorrection.h = include\IlcDCHclusterCorrection.h
		include\IlcDCHclusterizer.h = include\IlcDCHclusterizer.h
		include\IlcDCHclusterizerV0.h = include\IlcDCHclusterizerV0.h
		include\IlcDCHclusterizerV1.h = include\IlcDCHclusterizerV1.h
		include\IlcDCHclusterMI.h = include\IlcDCHclusterMI.h
		include\IlcDCHClustersArray.h = include\IlcDCHClustersArray.h
		include\IlcDCHClustersRow.h = include\IlcDCHClustersRow.h
		include\IlcDCHCommonParam.h = include\IlcDCHCommonParam.h
		include\IlcDCHdataArray.h = include\IlcDCHdataArray.h
		include\IlcDCHdataArrayF.h = include\IlcDCHdataArrayF.h
		include\IlcDCHdataArrayI.h = include\IlcDCHdataArrayI.h
		include\IlcDCHdigit.h = include\IlcDCHdigit.h
		include\IlcDCHdigitizer.h = include\IlcDCHdigitizer.h
		include\IlcDCHdigitsManager.h = include\IlcDCHdigitsManager.h
		include\IlcDCHFast.h = include\IlcDCHFast.h
		include\IlcDCHgeometry.h = include\IlcDCHgeometry.h
		include\IlcDCHgtuTrack.h = include\IlcDCHgtuTrack.h
		include\IlcDCHhit.h = include\IlcDCHhit.h
		include\IlcDCHltuTracklet.h = include\IlcDCHltuTracklet.h
		include\IlcDCHmatrix.h = include\IlcDCHmatrix.h
		include\IlcDCHmcm.h = include\IlcDCHmcm.h
		include\IlcDCHmcmTracklet.h = include\IlcDCHmcmTracklet.h
		include\IlcDCHmcTrack.h = include\IlcDCHmcTrack.h
		include\IlcDCHmodule.h = include\IlcDCHmodule.h
		include\IlcDCHpadPlane.h = include\IlcDCHpadPlane.h
		include\IlcDCHParam.h = include\IlcDCHParam.h
		include\IlcDCHPartID.h = include\IlcDCHPartID.h
		include\IlcDCHpid.h = include\IlcDCHpid.h
		include\IlcDCHpidESD.h = include\IlcDCHpidESD.h
		include\IlcDCHpidLQ.h = include\IlcDCHpidLQ.h
		include\IlcDCHpixel.h = include\IlcDCHpixel.h
		include\IlcDCHpoints.h = include\IlcDCHpoints.h
		include\IlcDCHpolyTrack.h = include\IlcDCHpolyTrack.h
		include\IlcDCHrawData.h = include\IlcDCHrawData.h
		include\IlcDCHRawStream.h = include\IlcDCHRawStream.h
		include\IlcDCHreco.h = include\IlcDCHreco.h
		include\IlcDCHReconstructor.h = include\IlcDCHReconstructor.h
		include\IlcDCHRecoParam.h = include\IlcDCHRecoParam.h
		include\IlcDCHrecoParam2.h = include\IlcDCHrecoParam2.h
		include\IlcDCHRecParam.h = include\IlcDCHRecParam.h
		include\IlcDCHrecPoint.h = include\IlcDCHrecPoint.h
		include\IlcDCHseed.h = include\IlcDCHseed.h
		include\IlcDCHsegmentArray.h = include\IlcDCHsegmentArray.h
		include\IlcDCHsegmentArrayBase.h = include\IlcDCHsegmentArrayBase.h
		include\IlcDCHsegmentID.h = include\IlcDCHsegmentID.h
		include\IlcDCHsim.h = include\IlcDCHsim.h
		include\IlcDCHSimParam.h = include\IlcDCHSimParam.h
		include\IlcDCHtrack.h = include\IlcDCHtrack.h
		include\IlcDCHtracker.h = include\IlcDCHtracker.h
		include\IlcDCHtracklet.h = include\IlcDCHtracklet.h
		include\IlcDCHtrigger.h = include\IlcDCHtrigger.h
		include\IlcDCHTriggerL1.h = include\IlcDCHTriggerL1.h
		include\IlcDCHtrigParam.h = include\IlcDCHtrigParam.h
		include\IlcDCHv1.h = include\IlcDCHv1.h
		include\IlcDCHwiredata.h = include\IlcDCHwiredata.h
		include\IlcDCHwireposition.h = include\IlcDCHwireposition.h
		include\IlcDCHXTDataVlGas.h = include\IlcDCHXTDataVlGas.h
		include\IlcDCHXTREL.h = include\IlcDCHXTREL.h
		include\IlcDCHzmaps.h = include\IlcDCHzmaps.h
		include\IlcDCSArray.h = include\IlcDCSArray.h
		include\IlcDCSGenDB.h = include\IlcDCSGenDB.h
		include\IlcDCSSensor.h = include\IlcDCSSensor.h
		include\IlcDCSSensorArray.h = include\IlcDCSSensorArray.h
		include\IlcDCSValue.h = include\IlcDCSValue.h
		include\IlcDebugVolume.h = include\IlcDebugVolume.h
		include\IlcDecayer.h = include\IlcDecayer.h
		include\IlcDecayerPolarized.h = include\IlcDecayerPolarized.h
		include\IlcDecayerPythia.h = include\IlcDecayerPythia.h
		include\IlcDetector.h = include\IlcDetector.h
		include\IlcDetectorEventHeader.h = include\IlcDetectorEventHeader.h
		include\IlcDetectorFrame.h = include\IlcDetectorFrame.h
		include\IlcDetectorRecoParam.h = include\IlcDetectorRecoParam.h
		include\IlcDetectorTag.h = include\IlcDetectorTag.h
		include\IlcDetectorTagCuts.h = include\IlcDetectorTagCuts.h
		include\IlcDigit.h = include\IlcDigit.h
		include\IlcDigitizationInput.h = include\IlcDigitizationInput.h
		include\IlcDigitizer.h = include\IlcDigitizer.h
		include\IlcDigitNew.h = include\IlcDigitNew.h
		include\IlcDimuCombinator.h = include\IlcDimuCombinator.h
		include\IlcDIPO.h = include\IlcDIPO.h
		include\IlcDIPOv2.h = include\IlcDIPOv2.h
		include\IlcDIPOv3.h = include\IlcDIPOv3.h
		include\IlcDisplay2.h = include\IlcDisplay2.h
		include\IlcDisplayClusters.h = include\IlcDisplayClusters.h
		include\IlcDisplayFrame.h = include\IlcDisplayFrame.h
		include\IlcDisplayHLT.h = include\IlcDisplayHLT.h
		include\IlcEMCALPIDResponse.h = include\IlcEMCALPIDResponse.h
		include\IlcESD.h = include\IlcESD.h
		include\IlcESDACORDE.h = include\IlcESDACORDE.h
		include\IlcESDCaloCells.h = include\IlcESDCaloCells.h
		include\IlcESDCaloCluster.h = include\IlcESDCaloCluster.h
		include\IlcESDCaloTrigger.h = include\IlcESDCaloTrigger.h
		include\IlcESDcascade.h = include\IlcESDcascade.h
		include\IlcESDCosmicTrack.h = include\IlcESDCosmicTrack.h
		include\IlcESDEvent.h = include\IlcESDEvent.h
		include\IlcESDFMD.h = include\IlcESDFMD.h
		include\IlcESDfriend.h = include\IlcESDfriend.h
		include\IlcESDfriendTrack.h = include\IlcESDfriendTrack.h
		include\IlcESDHandler.h = include\IlcESDHandler.h
		include\IlcESDHeader.h = include\IlcESDHeader.h
		include\IlcESDHLTDecision.h = include\IlcESDHLTDecision.h
		include\IlcESDHLTtrack.h = include\IlcESDHLTtrack.h
		include\IlcESDInputHandler.h = include\IlcESDInputHandler.h
		include\IlcESDInputHandlerRP.h = include\IlcESDInputHandlerRP.h
		include\IlcESDkink.h = include\IlcESDkink.h
		include\IlcESDMultITS.h = include\IlcESDMultITS.h
		include\IlcESDMuonCluster.h = include\IlcESDMuonCluster.h
		include\IlcESDMuonPad.h = include\IlcESDMuonPad.h
		include\IlcESDMuonTrack.h = include\IlcESDMuonTrack.h
		include\IlcESDpid.h = include\IlcESDpid.h
		include\IlcESDPmdTrack.h = include\IlcESDPmdTrack.h
		include\IlcESDRun.h = include\IlcESDRun.h
		include\IlcESDTagCreator.h = include\IlcESDTagCreator.h
		include\IlcESDtrack.h = include\IlcESDtrack.h
		include\IlcESDTrdTrack.h = include\IlcESDTrdTrack.h
		include\IlcESDTrdTracklet.h = include\IlcESDTrdTracklet.h
		include\IlcESDTrdTrigger.h = include\IlcESDTrdTrigger.h
		include\IlcESDTZERO.h = include\IlcESDTZERO.h
		include\IlcESDTZEROfriend.h = include\IlcESDTZEROfriend.h
		include\IlcESDUtils.h = include\IlcESDUtils.h
		include\IlcESDv0.h = include\IlcESDv0.h
		include\IlcESDV0Params.h = include\IlcESDV0Params.h
		include\IlcESDVertex.h = include\IlcESDVertex.h
		include\IlcESDVZERO.h = include\IlcESDVZERO.h
		include\IlcESDVZEROfriend.h = include\IlcESDVZEROfriend.h
		include\IlcESDZDC.h = include\IlcESDZDC.h
		include\IlcEveApplication.h = include\IlcEveApplication.h
		include\IlcEveBeamsInfo.h = include\IlcEveBeamsInfo.h
		include\IlcEveBeamsInfoEditor.h = include\IlcEveBeamsInfoEditor.h
		include\IlcEveCascade.h = include\IlcEveCascade.h
		include\IlcEveCascadeEditor.h = include\IlcEveCascadeEditor.h
		include\IlcEveCascadeListEditor.h = include\IlcEveCascadeListEditor.h
		include\IlcEveConfigManager.h = include\IlcEveConfigManager.h
		include\IlcEveCosmicRayFitter.h = include\IlcEveCosmicRayFitter.h
		include\IlcEveCosmicRayFitterEditor.h = include\IlcEveCosmicRayFitterEditor.h
		include\IlcEveEventManager.h = include\IlcEveEventManager.h
		include\IlcEveEventManagerEditor.h = include\IlcEveEventManagerEditor.h
		include\IlcEveEventSelector.h = include\IlcEveEventSelector.h
		include\IlcEveEventSelectorWindow.h = include\IlcEveEventSelectorWindow.h
		include\IlcEveGedEditor.h = include\IlcEveGedEditor.h
		include\IlcEveHF.h = include\IlcEveHF.h
		include\IlcEveHFEditor.h = include\IlcEveHFEditor.h
		include\IlcEveHFListEditor.h = include\IlcEveHFListEditor.h
		include\IlcEveJetPlane.h = include\IlcEveJetPlane.h
		include\IlcEveJetPlaneEditor.h = include\IlcEveJetPlaneEditor.h
		include\IlcEveJetPlaneGL.h = include\IlcEveJetPlaneGL.h
		include\IlcEveKineTools.h = include\IlcEveKineTools.h
		include\IlcEveKink.h = include\IlcEveKink.h
		include\IlcEveKinkEditor.h = include\IlcEveKinkEditor.h
		include\IlcEveKinkListEditor.h = include\IlcEveKinkListEditor.h
		include\IlcEveLego.h = include\IlcEveLego.h
		include\IlcEveLegoEditor.h = include\IlcEveLegoEditor.h
		include\IlcEveMacro.h = include\IlcEveMacro.h
		include\IlcEveMacroEditor.h = include\IlcEveMacroEditor.h
		include\IlcEveMacroExecutor.h = include\IlcEveMacroExecutor.h
		include\IlcEveMacroExecutorWindow.h = include\IlcEveMacroExecutorWindow.h
		include\IlcEveMagField.h = include\IlcEveMagField.h
		include\IlcEveManager.h = include\IlcEveManager.h
		include\IlcEveMultiView.h = include\IlcEveMultiView.h
		include\IlcEventInfo.h = include\IlcEventInfo.h
		include\IlcEventplane.h = include\IlcEventplane.h
		include\IlcEventTag.h = include\IlcEventTag.h
		include\IlcEventTagCuts.h = include\IlcEventTagCuts.h
		include\IlcEveTrack.h = include\IlcEveTrack.h
		include\IlcEveTrackCounter.h = include\IlcEveTrackCounter.h
		include\IlcEveTrackCounterEditor.h = include\IlcEveTrackCounterEditor.h
		include\IlcEveTrackFitter.h = include\IlcEveTrackFitter.h
		include\IlcEveTrackFitterEditor.h = include\IlcEveTrackFitterEditor.h
		include\IlcEveTracklet.h = include\IlcEveTracklet.h
		include\IlcEveV0.h = include\IlcEveV0.h
		include\IlcEveV0Editor.h = include\IlcEveV0Editor.h
		include\IlcEveV0ListEditor.h = include\IlcEveV0ListEditor.h
		include\IlcEveVSDCreator.h = include\IlcEveVSDCreator.h
		include\IlcExpression.h = include\IlcExpression.h
		include\IlcExternalTrackParam.h = include\IlcExternalTrackParam.h
		include\IlcFastDetector.h = include\IlcFastDetector.h
		include\IlcFastEvent.h = include\IlcFastEvent.h
		include\IlcFastGlauber.h = include\IlcFastGlauber.h
		include\IlcFastMuonTrackingAcc.h = include\IlcFastMuonTrackingAcc.h
		include\IlcFastMuonTrackingEff.h = include\IlcFastMuonTrackingEff.h
		include\IlcFastMuonTrackingRes.h = include\IlcFastMuonTrackingRes.h
		include\IlcFastMuonTriggerEff.h = include\IlcFastMuonTriggerEff.h
		include\IlcFastParticle.h = include\IlcFastParticle.h
		include\IlcFastResponse.h = include\IlcFastResponse.h
		include\IlcFileTag.h = include\IlcFileTag.h
		include\IlcFilter.h = include\IlcFilter.h
		include\IlcFMDFloatMap.h = include\IlcFMDFloatMap.h
		include\IlcFMDMap.h = include\IlcFMDMap.h
		include\IlcFRAME.h = include\IlcFRAME.h
		include\IlcFRAMEv2.h = include\IlcFRAMEv2.h
		include\IlcFstream.h = include\IlcFstream.h
		include\IlcGausCorr.h = include\IlcGausCorr.h
		include\IlcGenAfterBurnerFlow.h = include\IlcGenAfterBurnerFlow.h
		include\IlcGenBeamGas.h = include\IlcGenBeamGas.h
		include\IlcGenBox.h = include\IlcGenBox.h
		include\IlcGenCocktail.h = include\IlcGenCocktail.h
		include\IlcGenCocktailAfterBurner.h = include\IlcGenCocktailAfterBurner.h
		include\IlcGenCocktailEntry.h = include\IlcGenCocktailEntry.h
		include\IlcGenCocktailEventHeader.h = include\IlcGenCocktailEventHeader.h
		include\IlcGenCorrHF.h = include\IlcGenCorrHF.h
		include\IlcGenCosmicsParam.h = include\IlcGenCosmicsParam.h
		include\IlcGenDeuteron.h = include\IlcGenDeuteron.h
		include\IlcGenDoubleScan.h = include\IlcGenDoubleScan.h
		include\IlcGenDPMjetEventHeader.h = include\IlcGenDPMjetEventHeader.h
		include\IlcGenEMCocktail.h = include\IlcGenEMCocktail.h
		include\IlcGenEMlib.h = include\IlcGenEMlib.h
		include\IlcGenEposEventHeader.h = include\IlcGenEposEventHeader.h
		include\IlcGenerator.h = include\IlcGenerator.h
		include\IlcGenEventHeader.h = include\IlcGenEventHeader.h
		include\IlcGenExtFile.h = include\IlcGenExtFile.h
		include\IlcGenFixed.h = include\IlcGenFixed.h
		include\IlcGenFunction.h = include\IlcGenFunction.h
		include\IlcGenGeVSim.h = include\IlcGenGeVSim.h
		include\IlcGenGeVSimEventHeader.h = include\IlcGenGeVSimEventHeader.h
		include\IlcGenGSIlib.h = include\IlcGenGSIlib.h
		include\IlcGenHalo.h = include\IlcGenHalo.h
		include\IlcGenHaloProtvino.h = include\IlcGenHaloProtvino.h
		include\IlcGenHBTosl.h = include\IlcGenHBTosl.h
		include\IlcGenHerwigEventHeader.h = include\IlcGenHerwigEventHeader.h
		include\IlcGenHijingEventHeader.h = include\IlcGenHijingEventHeader.h
		include\IlcGenHIJINGpara.h = include\IlcGenHIJINGpara.h
		include\IlcGenHIJINGparaBa.h = include\IlcGenHIJINGparaBa.h
		include\IlcGenHMPIDlib.h = include\IlcGenHMPIDlib.h
		include\IlcGenITSULib.h = include\IlcGenITSULib.h
		include\IlcGenKrypton.h = include\IlcGenKrypton.h
		include\IlcGenLcLib.h = include\IlcGenLcLib.h
		include\IlcGenLib.h = include\IlcGenLib.h
		include\IlcGenMC.h = include\IlcGenMC.h
		include\IlcGenMUONCocktail.h = include\IlcGenMUONCocktail.h
		include\IlcGenMUONCocktailpp.h = include\IlcGenMUONCocktailpp.h
		include\IlcGenMUONlib.h = include\IlcGenMUONlib.h
		include\IlcGenMUONLMR.h = include\IlcGenMUONLMR.h
		include\IlcGenPairFlat.h = include\IlcGenPairFlat.h
		include\IlcGenParam.h = include\IlcGenParam.h
		include\IlcGenPHOSlib.h = include\IlcGenPHOSlib.h
		include\IlcGenPileup.h = include\IlcGenPileup.h
		include\IlcGenPMDlib.h = include\IlcGenPMDlib.h
		include\IlcGenPromptPhotons.h = include\IlcGenPromptPhotons.h
		include\IlcGenPythia.h = include\IlcGenPythia.h
		include\IlcGenPythiaEventHeader.h = include\IlcGenPythiaEventHeader.h
		include\IlcGenPythiaPlus.h = include\IlcGenPythiaPlus.h
		include\IlcGenReader.h = include\IlcGenReader.h
		include\IlcGenReaderCwn.h = include\IlcGenReaderCwn.h
		include\IlcGenReaderEcalHijing.h = include\IlcGenReaderEcalHijing.h
		include\IlcGenReaderEcalJets.h = include\IlcGenReaderEcalJets.h
		include\IlcGenReaderEMD.h = include\IlcGenReaderEMD.h
		include\IlcGenReaderHepEvt.h = include\IlcGenReaderHepEvt.h
		include\IlcGenReaderSL.h = include\IlcGenReaderSL.h
		include\IlcGenReaderTreeK.h = include\IlcGenReaderTreeK.h
		include\IlcGenScan.h = include\IlcGenScan.h
		include\IlcGenSlowNucleons.h = include\IlcGenSlowNucleons.h
		include\IlcGenSTRANGElib.h = include\IlcGenSTRANGElib.h
		include\IlcGenThermalPhotons.h = include\IlcGenThermalPhotons.h
		include\IlcGenThetaSlice.h = include\IlcGenThetaSlice.h
		include\IlcGenTHnSparse.h = include\IlcGenTHnSparse.h
		include\IlcGeometry.h = include\IlcGeometry.h
		include\IlcGeomManager.h = include\IlcGeomManager.h
		include\IlcGeVSimParticle.h = include\IlcGeVSimParticle.h
		include\IlcGlobalQAChecker.h = include\IlcGlobalQAChecker.h
		include\IlcGlobalQADataMaker.h = include\IlcGlobalQADataMaker.h
		include\IlcGRPDCS.h = include\IlcGRPDCS.h
		include\IlcGRPManager.h = include\IlcGRPManager.h
		include\IlcGRPObject.h = include\IlcGRPObject.h
		include\IlcGRPPreprocessor.h = include\IlcGRPPreprocessor.h
		include\IlcGRPRecoParam.h = include\IlcGRPRecoParam.h
		include\IlcHALL.h = include\IlcHALL.h
		include\IlcHALLv3.h = include\IlcHALLv3.h
		include\IlcHeader.h = include\IlcHeader.h
		include\IlcHelix.h = include\IlcHelix.h
		include\IlcHit.h = include\IlcHit.h
		include\IlcHitMap.h = include\IlcHitMap.h
		include\IlcHoughFilter.h = include\IlcHoughFilter.h
		include\IlcInfoFrame.h = include\IlcInfoFrame.h
		include\IlcInputEventHandler.h = include\IlcInputEventHandler.h
		include\IlcITSPidParams.h = include\IlcITSPidParams.h
		include\IlcITSPIDResponse.h = include\IlcITSPIDResponse.h
		include\IlcKalmanTrack.h = include\IlcKalmanTrack.h
		include\IlcKFParticle.h = include\IlcKFParticle.h
		include\IlcKFParticleBase.h = include\IlcKFParticleBase.h
		include\IlcKFVertex.h = include\IlcKFVertex.h
		include\IlcKink.h = include\IlcKink.h
		include\IlcLego.h = include\IlcLego.h
		include\IlcLegoGenerator.h = include\IlcLegoGenerator.h
		include\IlcLegoGeneratorEta.h = include\IlcLegoGeneratorEta.h
		include\IlcLegoGeneratorEtaR.h = include\IlcLegoGeneratorEtaR.h
		include\IlcLegoGeneratorPhiZ.h = include\IlcLegoGeneratorPhiZ.h
		include\IlcLegoGeneratorXYZ.h = include\IlcLegoGeneratorXYZ.h
		include\IlcLHCClockPhase.h = include\IlcLHCClockPhase.h
		include\IlcLHCData.h = include\IlcLHCData.h
		include\IlcLHCDipValT.h = include\IlcLHCDipValT.h
		include\IlcLHCReader.h = include\IlcLHCReader.h
		include\IlcLHCTag.h = include\IlcLHCTag.h
		include\IlcLHCTagCuts.h = include\IlcLHCTagCuts.h
		include\IlcLoader.h = include\IlcLoader.h
		include\IlcLog.h = include\IlcLog.h
		include\IlcLTUConfig.h = include\IlcLTUConfig.h
		include\IlcMAG.h = include\IlcMAG.h
		include\IlcMagF.h = include\IlcMagF.h
		include\IlcMagWrapCheb.h = include\IlcMagWrapCheb.h
		include\IlcMathBase.h = include\IlcMathBase.h
		include\IlcMatrixSparse.h = include\IlcMatrixSparse.h
		include\IlcMatrixSq.h = include\IlcMatrixSq.h
		include\IlcMC.h = include\IlcMC.h
		include\IlcMCEvent.h = include\IlcMCEvent.h
		include\IlcMCEventHandler.h = include\IlcMCEventHandler.h
		include\IlcMCParticle.h = include\IlcMCParticle.h
		include\IlcMCVertex.h = include\IlcMCVertex.h
		include\IlcMDC.h = include\IlcMDC.h
		include\IlcMeanVertex.h = include\IlcMeanVertex.h
		include\IlcMenu.h = include\IlcMenu.h
		include\IlcMergeCombi.h = include\IlcMergeCombi.h
		include\IlcMillepede.h = include\IlcMillepede.h
		include\IlcMillePede2.h = include\IlcMillePede2.h
		include\IlcMillePedeRecord.h = include\IlcMillePedeRecord.h
		include\IlcMinResSolve.h = include\IlcMinResSolve.h
		include\IlcMisAligner.h = include\IlcMisAligner.h
		include\IlcMixedEvent.h = include\IlcMixedEvent.h
		include\IlcModule.h = include\IlcModule.h
		include\IlcModuleInfo.h = include\IlcModuleInfo.h
		include\IlcMultiplicity.h = include\IlcMultiplicity.h
		include\IlcMUONFastTracking.h = include\IlcMUONFastTracking.h
		include\IlcMUONFastTrackingEntry.h = include\IlcMUONFastTrackingEntry.h
		include\IlcNeutralTrackParam.h = include\IlcNeutralTrackParam.h
		include\IlcOADBContainer.h = include\IlcOADBContainer.h
		include\IlcObjectLoader.h = include\IlcObjectLoader.h
		include\IlcOmegaDalitz.h = include\IlcOmegaDalitz.h
		include\IlcParamSolver.h = include\IlcParamSolver.h
		include\IlcPDG.h = include\IlcPDG.h
		include\IlcPID.h = include\IlcPID.h
		include\IlcPIDCombined.h = include\IlcPIDCombined.h
		include\IlcPIDResponse.h = include\IlcPIDResponse.h
		include\IlcPIPE.h = include\IlcPIPE.h
		include\IlcPIPEv0.h = include\IlcPIPEv0.h
		include\IlcPIPEv3.h = include\IlcPIPEv3.h
		include\IlcPIPEv4.h = include\IlcPIPEv4.h
		include\IlcPlaneEff.h = include\IlcPlaneEff.h
		include\IlcPoints.h = include\IlcPoints.h
		include\IlcPreprocessor.h = include\IlcPreprocessor.h
		include\IlcPVBAR.h = include\IlcPVBAR.h
		include\IlcPVBARAodCluster.h = include\IlcPVBARAodCluster.h
		include\IlcPVBARCalibData.h = include\IlcPVBARCalibData.h
		include\IlcPVBARClusterizer.h = include\IlcPVBARClusterizer.h
		include\IlcPVBARClusterizerv1.h = include\IlcPVBARClusterizerv1.h
		include\IlcPVBARClusterizerv2.h = include\IlcPVBARClusterizerv2.h
		include\IlcPVBARCPVBaseGeometry.h = include\IlcPVBARCPVBaseGeometry.h
		include\IlcPVBARCpvCalibData.h = include\IlcPVBARCpvCalibData.h
		include\IlcPVBARCpvDA1.h = include\IlcPVBARCpvDA1.h
		include\IlcPVBARCPVDigit.h = include\IlcPVBARCPVDigit.h
		include\IlcPVBARCPVGeometry.h = include\IlcPVBARCPVGeometry.h
		include\IlcPVBARCpvPreprocessor.h = include\IlcPVBARCpvPreprocessor.h
		include\IlcPVBARCpvRawWrite.h = include\IlcPVBARCpvRawWrite.h
		include\IlcPVBARCpvRecPoint.h = include\IlcPVBARCpvRecPoint.h
		include\IlcPVBARDA2.h = include\IlcPVBARDA2.h
		include\IlcPVBARDApi0mip.h = include\IlcPVBARDApi0mip.h
		include\IlcPVBARDATreeCluster.h = include\IlcPVBARDATreeCluster.h
		include\IlcPVBARDATreeDigit.h = include\IlcPVBARDATreeDigit.h
		include\IlcPVBARDATreeEvent.h = include\IlcPVBARDATreeEvent.h
		include\IlcPVBARDebug.h = include\IlcPVBARDebug.h
		include\IlcPVBARDebugHit.h = include\IlcPVBARDebugHit.h
		include\IlcPVBARDigit.h = include\IlcPVBARDigit.h
		include\IlcPVBARDigitizer.h = include\IlcPVBARDigitizer.h
		include\IlcPVBAREMCAGeometry.h = include\IlcPVBAREMCAGeometry.h
		include\IlcPVBAREmcBadChannelsMap.h = include\IlcPVBAREmcBadChannelsMap.h
		include\IlcPVBAREmcCalibData.h = include\IlcPVBAREmcCalibData.h
		include\IlcPVBAREmcRecPoint.h = include\IlcPVBAREmcRecPoint.h
		include\IlcPVBAREsdCluster.h = include\IlcPVBAREsdCluster.h
		include\IlcPVBARESDQA.h = include\IlcPVBARESDQA.h
		include\IlcPVBAREvalRecPoint.h = include\IlcPVBAREvalRecPoint.h
		include\IlcPVBARevent.h = include\IlcPVBARevent.h
		include\IlcPVBARFastRecParticle.h = include\IlcPVBARFastRecParticle.h
		include\IlcPVBARGeometry.h = include\IlcPVBARGeometry.h
		include\IlcPVBARGeoUtils.h = include\IlcPVBARGeoUtils.h
		include\IlcPVBARGridFile.h = include\IlcPVBARGridFile.h
		include\IlcPVBARHit.h = include\IlcPVBARHit.h
		include\IlcPVBARIhepAnalyze.h = include\IlcPVBARIhepAnalyze.h
		include\IlcPVBARImpact.h = include\IlcPVBARImpact.h
		include\IlcPVBARLink.h = include\IlcPVBARLink.h
		include\IlcPVBARLoader.h = include\IlcPVBARLoader.h
		include\IlcPVBARModuleMisalignment.h = include\IlcPVBARModuleMisalignment.h
		include\IlcPVBARPID.h = include\IlcPVBARPID.h
		include\IlcPVBARPIDv0.h = include\IlcPVBARPIDv0.h
		include\IlcPVBARPIDv1.h = include\IlcPVBARPIDv1.h
		include\IlcPVBARPreprocessor.h = include\IlcPVBARPreprocessor.h
		include\IlcPVBARPreprocessorPHYS.h = include\IlcPVBARPreprocessorPHYS.h
		include\IlcPVBARPulseGenerator.h = include\IlcPVBARPulseGenerator.h
		include\IlcPVBARQAChecker.h = include\IlcPVBARQAChecker.h
		include\IlcPVBARQADataMakerRec.h = include\IlcPVBARQADataMakerRec.h
		include\IlcPVBARQADataMakerSim.h = include\IlcPVBARQADataMakerSim.h
		include\IlcPVBARRawDigiProducer.h = include\IlcPVBARRawDigiProducer.h
		include\IlcPVBARRawFitterv0.h = include\IlcPVBARRawFitterv0.h
		include\IlcPVBARRawFitterv1.h = include\IlcPVBARRawFitterv1.h
		include\IlcPVBARRawFitterv2.h = include\IlcPVBARRawFitterv2.h
		include\IlcPVBARRawFitterv3.h = include\IlcPVBARRawFitterv3.h
		include\IlcPVBARRawFitterv4.h = include\IlcPVBARRawFitterv4.h
		include\IlcPVBARRawStream.h = include\IlcPVBARRawStream.h
		include\IlcPVBARRcuDA1.h = include\IlcPVBARRcuDA1.h
		include\IlcPVBARRecCpvManager.h = include\IlcPVBARRecCpvManager.h
		include\IlcPVBARRecEmcManager.h = include\IlcPVBARRecEmcManager.h
		include\IlcPVBARRecManager.h = include\IlcPVBARRecManager.h
		include\IlcPVBARReconstructor.h = include\IlcPVBARReconstructor.h
		include\IlcPVBARRecoParam.h = include\IlcPVBARRecoParam.h
		include\IlcPVBARRecParticle.h = include\IlcPVBARRecParticle.h
		include\IlcPVBARRecPoint.h = include\IlcPVBARRecPoint.h
		include\IlcPVBARSDigitizer.h = include\IlcPVBARSDigitizer.h
		include\IlcPVBARSimParam.h = include\IlcPVBARSimParam.h
		include\IlcPVBARSupportGeometry.h = include\IlcPVBARSupportGeometry.h
		include\IlcPVBARSurvey.h = include\IlcPVBARSurvey.h
		include\IlcPVBARSurvey1.h = include\IlcPVBARSurvey1.h
		include\IlcPVBARTick.h = include\IlcPVBARTick.h
		include\IlcPVBARTracker.h = include\IlcPVBARTracker.h
		include\IlcPVBARTrackSegment.h = include\IlcPVBARTrackSegment.h
		include\IlcPVBARTrackSegmentMaker.h = include\IlcPVBARTrackSegmentMaker.h
		include\IlcPVBARTrackSegmentMakerv1.h = include\IlcPVBARTrackSegmentMakerv1.h
		include\IlcPVBARTrackSegmentMakerv2.h = include\IlcPVBARTrackSegmentMakerv2.h
		include\IlcPVBARTrigger.h = include\IlcPVBARTrigger.h
		include\IlcPVBARTriggerParameters.h = include\IlcPVBARTriggerParameters.h
		include\IlcPVBARTriggerRawDigiProducer.h = include\IlcPVBARTriggerRawDigiProducer.h
		include\IlcPVBARTriggerRawDigit.h = include\IlcPVBARTriggerRawDigit.h
		include\IlcPVBARTriggerRawReader.h = include\IlcPVBARTriggerRawReader.h
		include\IlcPVBARTRURawReader.h = include\IlcPVBARTRURawReader.h
		include\IlcPVBARv0.h = include\IlcPVBARv0.h
		include\IlcPVBARv1.h = include\IlcPVBARv1.h
		include\IlcPVBARv2.h = include\IlcPVBARv2.h
		include\IlcPVBARvFast.h = include\IlcPVBARvFast.h
		include\IlcPVBARvImpacts.h = include\IlcPVBARvImpacts.h
		include\IlcPVEC.h = include\IlcPVEC.h
		include\IlcPVECAodCluster.h = include\IlcPVECAodCluster.h
		include\IlcPVECCalibData.h = include\IlcPVECCalibData.h
		include\IlcPVECClusterizer.h = include\IlcPVECClusterizer.h
		include\IlcPVECClusterizerv1.h = include\IlcPVECClusterizerv1.h
		include\IlcPVECClusterizerv2.h = include\IlcPVECClusterizerv2.h
		include\IlcPVECCPVBaseGeometry.h = include\IlcPVECCPVBaseGeometry.h
		include\IlcPVECCpvCalibData.h = include\IlcPVECCpvCalibData.h
		include\IlcPVECCpvDA1.h = include\IlcPVECCpvDA1.h
		include\IlcPVECCPVDigit.h = include\IlcPVECCPVDigit.h
		include\IlcPVECCPVGeometry.h = include\IlcPVECCPVGeometry.h
		include\IlcPVECCpvPreprocessor.h = include\IlcPVECCpvPreprocessor.h
		include\IlcPVECCpvRawWrite.h = include\IlcPVECCpvRawWrite.h
		include\IlcPVECCpvRecPoint.h = include\IlcPVECCpvRecPoint.h
		include\IlcPVECDA2.h = include\IlcPVECDA2.h
		include\IlcPVECDApi0mip.h = include\IlcPVECDApi0mip.h
		include\IlcPVECDATreeCluster.h = include\IlcPVECDATreeCluster.h
		include\IlcPVECDATreeDigit.h = include\IlcPVECDATreeDigit.h
		include\IlcPVECDATreeEvent.h = include\IlcPVECDATreeEvent.h
		include\IlcPVECDebug.h = include\IlcPVECDebug.h
		include\IlcPVECDebugHit.h = include\IlcPVECDebugHit.h
		include\IlcPVECDigit.h = include\IlcPVECDigit.h
		include\IlcPVECDigitizer.h = include\IlcPVECDigitizer.h
		include\IlcPVECEMCAGeometry.h = include\IlcPVECEMCAGeometry.h
		include\IlcPVECEmcBadChannelsMap.h = include\IlcPVECEmcBadChannelsMap.h
		include\IlcPVECEmcCalibData.h = include\IlcPVECEmcCalibData.h
		include\IlcPVECEmcRecPoint.h = include\IlcPVECEmcRecPoint.h
		include\IlcPVECEsdCluster.h = include\IlcPVECEsdCluster.h
		include\IlcPVECESDQA.h = include\IlcPVECESDQA.h
		include\IlcPVECEvalRecPoint.h = include\IlcPVECEvalRecPoint.h
		include\IlcPVECevent.h = include\IlcPVECevent.h
		include\IlcPVECFastRecParticle.h = include\IlcPVECFastRecParticle.h
		include\IlcPVECGeometry.h = include\IlcPVECGeometry.h
		include\IlcPVECGeoUtils.h = include\IlcPVECGeoUtils.h
		include\IlcPVECGridFile.h = include\IlcPVECGridFile.h
		include\IlcPVECHit.h = include\IlcPVECHit.h
		include\IlcPVECIhepAnalyze.h = include\IlcPVECIhepAnalyze.h
		include\IlcPVECImpact.h = include\IlcPVECImpact.h
		include\IlcPVECLink.h = include\IlcPVECLink.h
		include\IlcPVECLoader.h = include\IlcPVECLoader.h
		include\IlcPVECModuleMisalignment.h = include\IlcPVECModuleMisalignment.h
		include\IlcPVECPID.h = include\IlcPVECPID.h
		include\IlcPVECPIDv0.h = include\IlcPVECPIDv0.h
		include\IlcPVECPIDv1.h = include\IlcPVECPIDv1.h
		include\IlcPVECPreprocessor.h = include\IlcPVECPreprocessor.h
		include\IlcPVECPreprocessorPHYS.h = include\IlcPVECPreprocessorPHYS.h
		include\IlcPVECPulseGenerator.h = include\IlcPVECPulseGenerator.h
		include\IlcPVECQAChecker.h = include\IlcPVECQAChecker.h
		include\IlcPVECQADataMakerRec.h = include\IlcPVECQADataMakerRec.h
		include\IlcPVECQADataMakerSim.h = include\IlcPVECQADataMakerSim.h
		include\IlcPVECRawDigiProducer.h = include\IlcPVECRawDigiProducer.h
		include\IlcPVECRawFitterv0.h = include\IlcPVECRawFitterv0.h
		include\IlcPVECRawFitterv1.h = include\IlcPVECRawFitterv1.h
		include\IlcPVECRawFitterv2.h = include\IlcPVECRawFitterv2.h
		include\IlcPVECRawFitterv3.h = include\IlcPVECRawFitterv3.h
		include\IlcPVECRawFitterv4.h = include\IlcPVECRawFitterv4.h
		include\IlcPVECRawStream.h = include\IlcPVECRawStream.h
		include\IlcPVECRcuDA1.h = include\IlcPVECRcuDA1.h
		include\IlcPVECRecCpvManager.h = include\IlcPVECRecCpvManager.h
		include\IlcPVECRecEmcManager.h = include\IlcPVECRecEmcManager.h
		include\IlcPVECRecManager.h = include\IlcPVECRecManager.h
		include\IlcPVECReconstructor.h = include\IlcPVECReconstructor.h
		include\IlcPVECRecoParam.h = include\IlcPVECRecoParam.h
		include\IlcPVECRecParticle.h = include\IlcPVECRecParticle.h
		include\IlcPVECRecPoint.h = include\IlcPVECRecPoint.h
		include\IlcPVECSDigitizer.h = include\IlcPVECSDigitizer.h
		include\IlcPVECSimParam.h = include\IlcPVECSimParam.h
		include\IlcPVECSupportGeometry.h = include\IlcPVECSupportGeometry.h
		include\IlcPVECSurvey.h = include\IlcPVECSurvey.h
		include\IlcPVECSurvey1.h = include\IlcPVECSurvey1.h
		include\IlcPVECTick.h = include\IlcPVECTick.h
		include\IlcPVECTracker.h = include\IlcPVECTracker.h
		include\IlcPVECTrackSegment.h = include\IlcPVECTrackSegment.h
		include\IlcPVECTrackSegmentMaker.h = include\IlcPVECTrackSegmentMaker.h
		include\IlcPVECTrackSegmentMakerv1.h = include\IlcPVECTrackSegmentMakerv1.h
		include\IlcPVECTrackSegmentMakerv2.h = include\IlcPVECTrackSegmentMakerv2.h
		include\IlcPVECTrigger.h = include\IlcPVECTrigger.h
		include\IlcPVECTriggerParameters.h = include\IlcPVECTriggerParameters.h
		include\IlcPVECTriggerRawDigiProducer.h = include\IlcPVECTriggerRawDigiProducer.h
		include\IlcPVECTriggerRawDigit.h = include\IlcPVECTriggerRawDigit.h
		include\IlcPVECTriggerRawReader.h = include\IlcPVECTriggerRawReader.h
		include\IlcPVECTRURawReader.h = include\IlcPVECTRURawReader.h
		include\IlcPVECv0.h = include\IlcPVECv0.h
		include\IlcPVECv1.h = include\IlcPVECv1.h
		include\IlcPVECv2.h = include\IlcPVECv2.h
		include\IlcPVECvFast.h = include\IlcPVECvFast.h
		include\IlcPVECvImpacts.h = include\IlcPVECvImpacts.h
		include\IlcPythia.h = include\IlcPythia.h
		include\IlcPythia6.h = include\IlcPythia6.h
		include\IlcPythia6LinkDef.h = include\IlcPythia6LinkDef.h
		include\IlcPythiaBase.h = include\IlcPythiaBase.h
		include\IlcPythiaRndm.h = include\IlcPythiaRndm.h
		include\IlcQA.h = include\IlcQA.h
		include\IlcQAChecker.h = include\IlcQAChecker.h
		include\IlcQACheckerBase.h = include\IlcQACheckerBase.h
		include\IlcQADataMaker.h = include\IlcQADataMaker.h
		include\IlcQADataMakerRec.h = include\IlcQADataMakerRec.h
		include\IlcQADataMakerSim.h = include\IlcQADataMakerSim.h
		include\IlcQAManager.h = include\IlcQAManager.h
		include\IlcQAThresholds.h = include\IlcQAThresholds.h
		include\IlcQAv1.h = include\IlcQAv1.h
		include\IlcQuenchingWeights.h = include\IlcQuenchingWeights.h
		include\IlcRawCastorDB.h = include\IlcRawCastorDB.h
		include\IlcRawData.h = include\IlcRawData.h
		include\IlcRawDataArray.h = include\IlcRawDataArray.h
		include\IlcRawDataArrayV2.h = include\IlcRawDataArrayV2.h
		include\IlcRawDataErrorLog.h = include\IlcRawDataErrorLog.h
		include\IlcRawDataHeader.h = include\IlcRawDataHeader.h
		include\IlcRawDataHeaderSim.h = include\IlcRawDataHeaderSim.h
		include\IlcRawDB.h = include\IlcRawDB.h
		include\IlcRawEquipment.h = include\IlcRawEquipment.h
		include\IlcRawEquipmentHeader.h = include\IlcRawEquipmentHeader.h
		include\IlcRawEquipmentV2.h = include\IlcRawEquipmentV2.h
		include\IlcRawEvent.h = include\IlcRawEvent.h
		include\IlcRawEventHeaderBase.h = include\IlcRawEventHeaderBase.h
		include\IlcRawEventHeaderVersions.h = include\IlcRawEventHeaderVersions.h
		include\IlcRawEventTag.h = include\IlcRawEventTag.h
		include\IlcRawEventV2.h = include\IlcRawEventV2.h
		include\IlcRawHLTManager.h = include\IlcRawHLTManager.h
		include\IlcRawNullDB.h = include\IlcRawNullDB.h
		include\IlcRawReader.h = include\IlcRawReader.h
		include\IlcRawReaderChain.h = include\IlcRawReaderChain.h
		include\IlcRawReaderDate.h = include\IlcRawReaderDate.h
		include\IlcRawReaderDateOnline.h = include\IlcRawReaderDateOnline.h
		include\IlcRawReaderFile.h = include\IlcRawReaderFile.h
		include\IlcRawReaderMemory.h = include\IlcRawReaderMemory.h
		include\IlcRawReaderRoot.h = include\IlcRawReaderRoot.h
		include\IlcRawRFIODB.h = include\IlcRawRFIODB.h
		include\IlcRawRootdDB.h = include\IlcRawRootdDB.h
		include\IlcRawVEquipment.h = include\IlcRawVEquipment.h
		include\IlcRawVEvent.h = include\IlcRawVEvent.h
		include\IlcRecoInputHandler.h = include\IlcRecoInputHandler.h
		include\IlcReconstruction.h = include\IlcReconstruction.h
		include\IlcReconstructor.h = include\IlcReconstructor.h
		include\IlcRecoParam.h = include\IlcRecoParam.h
		include\IlcRecPoint.h = include\IlcRecPoint.h
		include\IlcRectMatrix.h = include\IlcRectMatrix.h
		include\IlcRefArray.h = include\IlcRefArray.h
		include\IlcRelAlignerKalman.h = include\IlcRelAlignerKalman.h
		include\IlcRieman.h = include\IlcRieman.h
		include\IlcRndm.h = include\IlcRndm.h
		include\IlcRSTACK.h = include\IlcRSTACK.h
		include\IlcRSTACKAodCluster.h = include\IlcRSTACKAodCluster.h
		include\IlcRSTACKCalibData.h = include\IlcRSTACKCalibData.h
		include\IlcRSTACKClusterizer.h = include\IlcRSTACKClusterizer.h
		include\IlcRSTACKClusterizerv1.h = include\IlcRSTACKClusterizerv1.h
		include\IlcRSTACKClusterizerv2.h = include\IlcRSTACKClusterizerv2.h
		include\IlcRSTACKCPVBaseGeometry.h = include\IlcRSTACKCPVBaseGeometry.h
		include\IlcRSTACKCpvCalibData.h = include\IlcRSTACKCpvCalibData.h
		include\IlcRSTACKCpvDA1.h = include\IlcRSTACKCpvDA1.h
		include\IlcRSTACKCPVDigit.h = include\IlcRSTACKCPVDigit.h
		include\IlcRSTACKCPVGeometry.h = include\IlcRSTACKCPVGeometry.h
		include\IlcRSTACKCpvPreprocessor.h = include\IlcRSTACKCpvPreprocessor.h
		include\IlcRSTACKCpvRawWrite.h = include\IlcRSTACKCpvRawWrite.h
		include\IlcRSTACKCpvRecPoint.h = include\IlcRSTACKCpvRecPoint.h
		include\IlcRSTACKDA2.h = include\IlcRSTACKDA2.h
		include\IlcRSTACKDApi0mip.h = include\IlcRSTACKDApi0mip.h
		include\IlcRSTACKDATreeCluster.h = include\IlcRSTACKDATreeCluster.h
		include\IlcRSTACKDATreeDigit.h = include\IlcRSTACKDATreeDigit.h
		include\IlcRSTACKDATreeEvent.h = include\IlcRSTACKDATreeEvent.h
		include\IlcRSTACKDebug.h = include\IlcRSTACKDebug.h
		include\IlcRSTACKDebugHit.h = include\IlcRSTACKDebugHit.h
		include\IlcRSTACKDigit.h = include\IlcRSTACKDigit.h
		include\IlcRSTACKDigitizer.h = include\IlcRSTACKDigitizer.h
		include\IlcRSTACKEMCAGeometry.h = include\IlcRSTACKEMCAGeometry.h
		include\IlcRSTACKEmcBadChannelsMap.h = include\IlcRSTACKEmcBadChannelsMap.h
		include\IlcRSTACKEmcCalibData.h = include\IlcRSTACKEmcCalibData.h
		include\IlcRSTACKEmcRecPoint.h = include\IlcRSTACKEmcRecPoint.h
		include\IlcRSTACKEsdCluster.h = include\IlcRSTACKEsdCluster.h
		include\IlcRSTACKESDQA.h = include\IlcRSTACKESDQA.h
		include\IlcRSTACKEvalRecPoint.h = include\IlcRSTACKEvalRecPoint.h
		include\IlcRSTACKevent.h = include\IlcRSTACKevent.h
		include\IlcRSTACKFastRecParticle.h = include\IlcRSTACKFastRecParticle.h
		include\IlcRSTACKGeometry.h = include\IlcRSTACKGeometry.h
		include\IlcRSTACKGeoUtils.h = include\IlcRSTACKGeoUtils.h
		include\IlcRSTACKGridFile.h = include\IlcRSTACKGridFile.h
		include\IlcRSTACKHit.h = include\IlcRSTACKHit.h
		include\IlcRSTACKIhepAnalyze.h = include\IlcRSTACKIhepAnalyze.h
		include\IlcRSTACKImpact.h = include\IlcRSTACKImpact.h
		include\IlcRSTACKLink.h = include\IlcRSTACKLink.h
		include\IlcRSTACKLoader.h = include\IlcRSTACKLoader.h
		include\IlcRSTACKModuleMisalignment.h = include\IlcRSTACKModuleMisalignment.h
		include\IlcRSTACKPID.h = include\IlcRSTACKPID.h
		include\IlcRSTACKPIDv0.h = include\IlcRSTACKPIDv0.h
		include\IlcRSTACKPIDv1.h = include\IlcRSTACKPIDv1.h
		include\IlcRSTACKPreprocessor.h = include\IlcRSTACKPreprocessor.h
		include\IlcRSTACKPreprocessorPHYS.h = include\IlcRSTACKPreprocessorPHYS.h
		include\IlcRSTACKPulseGenerator.h = include\IlcRSTACKPulseGenerator.h
		include\IlcRSTACKQAChecker.h = include\IlcRSTACKQAChecker.h
		include\IlcRSTACKQADataMakerRec.h = include\IlcRSTACKQADataMakerRec.h
		include\IlcRSTACKQADataMakerSim.h = include\IlcRSTACKQADataMakerSim.h
		include\IlcRSTACKRawDigiProducer.h = include\IlcRSTACKRawDigiProducer.h
		include\IlcRSTACKRawFitterv0.h = include\IlcRSTACKRawFitterv0.h
		include\IlcRSTACKRawFitterv1.h = include\IlcRSTACKRawFitterv1.h
		include\IlcRSTACKRawFitterv2.h = include\IlcRSTACKRawFitterv2.h
		include\IlcRSTACKRawFitterv3.h = include\IlcRSTACKRawFitterv3.h
		include\IlcRSTACKRawFitterv4.h = include\IlcRSTACKRawFitterv4.h
		include\IlcRSTACKRawStream.h = include\IlcRSTACKRawStream.h
		include\IlcRSTACKRcuDA1.h = include\IlcRSTACKRcuDA1.h
		include\IlcRSTACKRecCpvManager.h = include\IlcRSTACKRecCpvManager.h
		include\IlcRSTACKRecEmcManager.h = include\IlcRSTACKRecEmcManager.h
		include\IlcRSTACKRecManager.h = include\IlcRSTACKRecManager.h
		include\IlcRSTACKReconstructor.h = include\IlcRSTACKReconstructor.h
		include\IlcRSTACKRecoParam.h = include\IlcRSTACKRecoParam.h
		include\IlcRSTACKRecParticle.h = include\IlcRSTACKRecParticle.h
		include\IlcRSTACKRecPoint.h = include\IlcRSTACKRecPoint.h
		include\IlcRSTACKSDigitizer.h = include\IlcRSTACKSDigitizer.h
		include\IlcRSTACKSimParam.h = include\IlcRSTACKSimParam.h
		include\IlcRSTACKSupportGeometry.h = include\IlcRSTACKSupportGeometry.h
		include\IlcRSTACKSurvey.h = include\IlcRSTACKSurvey.h
		include\IlcRSTACKSurvey1.h = include\IlcRSTACKSurvey1.h
		include\IlcRSTACKTick.h = include\IlcRSTACKTick.h
		include\IlcRSTACKTracker.h = include\IlcRSTACKTracker.h
		include\IlcRSTACKTrackSegment.h = include\IlcRSTACKTrackSegment.h
		include\IlcRSTACKTrackSegmentMaker.h = include\IlcRSTACKTrackSegmentMaker.h
		include\IlcRSTACKTrackSegmentMakerv1.h = include\IlcRSTACKTrackSegmentMakerv1.h
		include\IlcRSTACKTrackSegmentMakerv2.h = include\IlcRSTACKTrackSegmentMakerv2.h
		include\IlcRSTACKTrigger.h = include\IlcRSTACKTrigger.h
		include\IlcRSTACKTriggerParameters.h = include\IlcRSTACKTriggerParameters.h
		include\IlcRSTACKTriggerRawDigiProducer.h = include\IlcRSTACKTriggerRawDigiProducer.h
		include\IlcRSTACKTriggerRawDigit.h = include\IlcRSTACKTriggerRawDigit.h
		include\IlcRSTACKTriggerRawReader.h = include\IlcRSTACKTriggerRawReader.h
		include\IlcRSTACKTRURawReader.h = include\IlcRSTACKTRURawReader.h
		include\IlcRSTACKv0.h = include\IlcRSTACKv0.h
		include\IlcRSTACKv1.h = include\IlcRSTACKv1.h
		include\IlcRSTACKv2.h = include\IlcRSTACKv2.h
		include\IlcRSTACKvFast.h = include\IlcRSTACKvFast.h
		include\IlcRSTACKvImpacts.h = include\IlcRSTACKvImpacts.h
		include\IlcRun.h = include\IlcRun.h
		include\IlcRunInfo.h = include\IlcRunInfo.h
		include\IlcRunLoader.h = include\IlcRunLoader.h
		include\IlcRunTag.h = include\IlcRunTag.h
		include\IlcRunTagCuts.h = include\IlcRunTagCuts.h
		include\IlcSelector.h = include\IlcSelector.h
		include\IlcSelectorRL.h = include\IlcSelectorRL.h
		include\IlcSettingFrame.h = include\IlcSettingFrame.h
		include\IlcSHIL.h = include\IlcSHIL.h
		include\IlcSHILv3.h = include\IlcSHILv3.h
		include\IlcShutterFrame.h = include\IlcShutterFrame.h
		include\IlcShutterItem.h = include\IlcShutterItem.h
		include\IlcShuttleInterface.h = include\IlcShuttleInterface.h
		include\IlcSignalProcesor.h = include\IlcSignalProcesor.h
		include\IlcSimulation.h = include\IlcSimulation.h
		include\IlcSliderFrame.h = include\IlcSliderFrame.h
		include\IlcSlowNucleonModel.h = include\IlcSlowNucleonModel.h
		include\IlcSlowNucleonModelExp.h = include\IlcSlowNucleonModelExp.h
		include\IlcSplineFit.h = include\IlcSplineFit.h
		include\IlcStack.h = include\IlcStack.h
		include\IlcStats.h = include\IlcStats.h
		include\IlcStream.h = include\IlcStream.h
		include\IlcStrLine.h = include\IlcStrLine.h
		include\IlcStructFuncType.h = include\IlcStructFuncType.h
		include\IlcSurveyObj.h = include\IlcSurveyObj.h
		include\IlcSurveyPoint.h = include\IlcSurveyPoint.h
		include\IlcSurveyToAlignObjs.h = include\IlcSurveyToAlignObjs.h
		include\IlcSymBDMatrix.h = include\IlcSymBDMatrix.h
		include\IlcSymMatrix.h = include\IlcSymMatrix.h
		include\IlcSysInfo.h = include\IlcSysInfo.h
		include\IlcTagCreator.h = include\IlcTagCreator.h
		include\IlcTagDB.h = include\IlcTagDB.h
		include\IlcTagNullDB.h = include\IlcTagNullDB.h
		include\IlcTARGET.h = include\IlcTARGET.h
		include\IlcTARGETBadChannelsAuxSPD.h = include\IlcTARGETBadChannelsAuxSPD.h
		include\IlcTARGETBadChannelsSPD.h = include\IlcTARGETBadChannelsSPD.h
		include\IlcTARGETBaseGeometry.h = include\IlcTARGETBaseGeometry.h
		include\IlcTARGETBeamTestDig.h = include\IlcTARGETBeamTestDig.h
		include\IlcTARGETBeamTestDigitizer.h = include\IlcTARGETBeamTestDigitizer.h
		include\IlcTARGETBeamTestDigSDD.h = include\IlcTARGETBeamTestDigSDD.h
		include\IlcTARGETBeamTestDigSPD.h = include\IlcTARGETBeamTestDigSPD.h
		include\IlcTARGETBeamTestDigSSD.h = include\IlcTARGETBeamTestDigSSD.h
		include\IlcTARGETCalibration.h = include\IlcTARGETCalibration.h
		include\IlcTARGETCalibrationSDD.h = include\IlcTARGETCalibrationSDD.h
		include\IlcTARGETCalibrationSPD.h = include\IlcTARGETCalibrationSPD.h
		include\IlcTARGETCalibrationSSD.h = include\IlcTARGETCalibrationSSD.h
		include\IlcTARGETChannelSPD.h = include\IlcTARGETChannelSPD.h
		include\IlcTARGETclustererV2.h = include\IlcTARGETclustererV2.h
		include\IlcTARGETClusterFinder.h = include\IlcTARGETClusterFinder.h
		include\IlcTARGETClusterFinderSDD.h = include\IlcTARGETClusterFinderSDD.h
		include\IlcTARGETClusterFinderSPD.h = include\IlcTARGETClusterFinderSPD.h
		include\IlcTARGETClusterFinderSSD.h = include\IlcTARGETClusterFinderSSD.h
		include\IlcTARGETClusterFinderV2.h = include\IlcTARGETClusterFinderV2.h
		include\IlcTARGETClusterFinderV2SDD.h = include\IlcTARGETClusterFinderV2SDD.h
		include\IlcTARGETClusterFinderV2SPD.h = include\IlcTARGETClusterFinderV2SPD.h
		include\IlcTARGETClusterFinderV2SSD.h = include\IlcTARGETClusterFinderV2SSD.h
		include\IlcTARGETclusterSSD.h = include\IlcTARGETclusterSSD.h
		include\IlcTARGETclusterTable.h = include\IlcTARGETclusterTable.h
		include\IlcTARGETclusterV2.h = include\IlcTARGETclusterV2.h
		include\IlcTARGETdcsSSD.h = include\IlcTARGETdcsSSD.h
		include\IlcTARGETDDLRawData.h = include\IlcTARGETDDLRawData.h
		include\IlcTARGETDetTypeRec.h = include\IlcTARGETDetTypeRec.h
		include\IlcTARGETDetTypeSim.h = include\IlcTARGETDetTypeSim.h
		include\IlcTARGETdigit.h = include\IlcTARGETdigit.h
		include\IlcTARGETDigitizer.h = include\IlcTARGETDigitizer.h
		include\IlcTARGETdigitSDD.h = include\IlcTARGETdigitSDD.h
		include\IlcTARGETdigitSPD.h = include\IlcTARGETdigitSPD.h
		include\IlcTARGETdigitSSD.h = include\IlcTARGETdigitSSD.h
		include\IlcTARGETetfSDD.h = include\IlcTARGETetfSDD.h
		include\IlcTARGETEventHeader.h = include\IlcTARGETEventHeader.h
		include\IlcTARGETFDigitizer.h = include\IlcTARGETFDigitizer.h
		include\IlcTARGETFindClustersV2.h = include\IlcTARGETFindClustersV2.h
		include\IlcTARGETGeant3Geometry.h = include\IlcTARGETGeant3Geometry.h
		include\IlcTARGETgeom.h = include\IlcTARGETgeom.h
		include\IlcTARGETgeomMatrix.h = include\IlcTARGETgeomMatrix.h
		include\IlcTARGETgeomSDD.h = include\IlcTARGETgeomSDD.h
		include\IlcTARGETgeomSPD.h = include\IlcTARGETgeomSPD.h
		include\IlcTARGETgeomSSD.h = include\IlcTARGETgeomSSD.h
		include\IlcTARGEThit.h = include\IlcTARGEThit.h
		include\IlcTARGEThitDigitizer.h = include\IlcTARGEThitDigitizer.h
		include\IlcTARGETHuffman.h = include\IlcTARGETHuffman.h
		include\IlcTARGETIOTrack.h = include\IlcTARGETIOTrack.h
		include\IlcTARGETLoader.h = include\IlcTARGETLoader.h
		include\IlcTARGETMap.h = include\IlcTARGETMap.h
		include\IlcTARGETMapA1.h = include\IlcTARGETMapA1.h
		include\IlcTARGETMapA2.h = include\IlcTARGETMapA2.h
		include\IlcTARGETmodule.h = include\IlcTARGETmodule.h
		include\IlcTARGETMultReconstructor.h = include\IlcTARGETMultReconstructor.h
		include\IlcTARGETNeuralPoint.h = include\IlcTARGETNeuralPoint.h
		include\IlcTARGETNeuralTrack.h = include\IlcTARGETNeuralTrack.h
		include\IlcTARGETNeuralTracker.h = include\IlcTARGETNeuralTracker.h
		include\IlcTARGETpackageSSD.h = include\IlcTARGETpackageSSD.h
		include\IlcTARGETParam.h = include\IlcTARGETParam.h
		include\IlcTARGETPid.h = include\IlcTARGETPid.h
		include\IlcTARGETPident.h = include\IlcTARGETPident.h
		include\IlcTARGETpidESD.h = include\IlcTARGETpidESD.h
		include\IlcTARGETpidESD1.h = include\IlcTARGETpidESD1.h
		include\IlcTARGETpidESD2.h = include\IlcTARGETpidESD2.h
		include\IlcTARGETPidParItem.h = include\IlcTARGETPidParItem.h
		include\IlcTARGETpList.h = include\IlcTARGETpList.h
		include\IlcTARGETpListItem.h = include\IlcTARGETpListItem.h
		include\IlcTARGETPreprocessorSPD.h = include\IlcTARGETPreprocessorSPD.h
		include\IlcTARGETRad.h = include\IlcTARGETRad.h
		include\IlcTARGETRawCluster.h = include\IlcTARGETRawCluster.h
		include\IlcTARGETRawClusterSDD.h = include\IlcTARGETRawClusterSDD.h
		include\IlcTARGETRawClusterSPD.h = include\IlcTARGETRawClusterSPD.h
		include\IlcTARGETRawClusterSSD.h = include\IlcTARGETRawClusterSSD.h
		include\IlcTARGETRawData.h = include\IlcTARGETRawData.h
		include\IlcTARGETRawStream.h = include\IlcTARGETRawStream.h
		include\IlcTARGETRawStreamSDD.h = include\IlcTARGETRawStreamSDD.h
		include\IlcTARGETRawStreamSDDv2.h = include\IlcTARGETRawStreamSDDv2.h
		include\IlcTARGETRawStreamSDDv3.h = include\IlcTARGETRawStreamSDDv3.h
		include\IlcTARGETRawStreamSPD.h = include\IlcTARGETRawStreamSPD.h
		include\IlcTARGETRawStreamSSD.h = include\IlcTARGETRawStreamSSD.h
		include\IlcTARGETRawStreamSSDv1.h = include\IlcTARGETRawStreamSSDv1.h
		include\IlcTARGETreconstruction.h = include\IlcTARGETreconstruction.h
		include\IlcTARGETReconstructor.h = include\IlcTARGETReconstructor.h
		include\IlcTARGETrecoV2.h = include\IlcTARGETrecoV2.h
		include\IlcTARGETRecPoint.h = include\IlcTARGETRecPoint.h
		include\IlcTARGETresponse.h = include\IlcTARGETresponse.h
		include\IlcTARGETresponseSDD.h = include\IlcTARGETresponseSDD.h
		include\IlcTARGETresponseSPD.h = include\IlcTARGETresponseSPD.h
		include\IlcTARGETresponseSSD.h = include\IlcTARGETresponseSSD.h
		include\IlcTARGETRiemannFit.h = include\IlcTARGETRiemannFit.h
		include\IlcTARGETsDigitize.h = include\IlcTARGETsDigitize.h
		include\IlcTARGETsegmentation.h = include\IlcTARGETsegmentation.h
		include\IlcTARGETsegmentation2.h = include\IlcTARGETsegmentation2.h
		include\IlcTARGETsegmentationSDD.h = include\IlcTARGETsegmentationSDD.h
		include\IlcTARGETsegmentationSPD.h = include\IlcTARGETsegmentationSPD.h
		include\IlcTARGETsegmentationSPD2.h = include\IlcTARGETsegmentationSPD2.h
		include\IlcTARGETsegmentationSSD.h = include\IlcTARGETsegmentationSSD.h
		include\IlcTARGETsimulation.h = include\IlcTARGETsimulation.h
		include\IlcTARGETsimulationFastPoints.h = include\IlcTARGETsimulationFastPoints.h
		include\IlcTARGETsimulationFastPointsV0.h = include\IlcTARGETsimulationFastPointsV0.h
		include\IlcTARGETsimulationSDD.h = include\IlcTARGETsimulationSDD.h
		include\IlcTARGETsimulationSPD.h = include\IlcTARGETsimulationSPD.h
		include\IlcTARGETsimulationSPDgeom.h = include\IlcTARGETsimulationSPDgeom.h
		include\IlcTARGETsimulationSSD.h = include\IlcTARGETsimulationSSD.h
		include\IlcTARGETstatistics.h = include\IlcTARGETstatistics.h
		include\IlcTARGETstatistics2.h = include\IlcTARGETstatistics2.h
		include\IlcTARGETSteerPid.h = include\IlcTARGETSteerPid.h
		include\IlcTARGETTableSSD.h = include\IlcTARGETTableSSD.h
		include\IlcTARGETtrackerANN.h = include\IlcTARGETtrackerANN.h
		include\IlcTARGETtrackerMI.h = include\IlcTARGETtrackerMI.h
		include\IlcTARGETtrackerSA.h = include\IlcTARGETtrackerSA.h
		include\IlcTARGETTrackerV1.h = include\IlcTARGETTrackerV1.h
		include\IlcTARGETtrackerV2.h = include\IlcTARGETtrackerV2.h
		include\IlcTARGETtrackMI.h = include\IlcTARGETtrackMI.h
		include\IlcTARGETtrackSA.h = include\IlcTARGETtrackSA.h
		include\IlcTARGETTrackV1.h = include\IlcTARGETTrackV1.h
		include\IlcTARGETtrackV2.h = include\IlcTARGETtrackV2.h
		include\IlcTARGETtrackV2Pid.h = include\IlcTARGETtrackV2Pid.h
		include\IlcTARGETTransientDigit.h = include\IlcTARGETTransientDigit.h
		include\IlcTARGETTrigger.h = include\IlcTARGETTrigger.h
		include\IlcTARGETv4th.h = include\IlcTARGETv4th.h
		include\IlcTARGETVertexer.h = include\IlcTARGETVertexer.h
		include\IlcTARGETVertexer3D.h = include\IlcTARGETVertexer3D.h
		include\IlcTARGETVertexerFast.h = include\IlcTARGETVertexerFast.h
		include\IlcTARGETVertexerIons.h = include\IlcTARGETVertexerIons.h
		include\IlcTARGETVertexerPPZ.h = include\IlcTARGETVertexerPPZ.h
		include\IlcTARGETVertexerZ.h = include\IlcTARGETVertexerZ.h
		include\IlcTARGETvORKA.h = include\IlcTARGETvORKA.h
		include\IlcTimeStamp.h = include\IlcTimeStamp.h
		include\IlcTOFHeader.h = include\IlcTOFHeader.h
		include\IlcTOFPIDParams.h = include\IlcTOFPIDParams.h
		include\IlcTOFPIDResponse.h = include\IlcTOFPIDResponse.h
		include\IlcTPCdEdxInfo.h = include\IlcTPCdEdxInfo.h
		include\IlcTPCPIDResponse.h = include\IlcTPCPIDResponse.h
		include\IlcTracker.h = include\IlcTracker.h
		include\IlcTrackerBase.h = include\IlcTrackerBase.h
		include\IlcTrackFitter.h = include\IlcTrackFitter.h
		include\IlcTrackFitterKalman.h = include\IlcTrackFitterKalman.h
		include\IlcTrackFitterRieman.h = include\IlcTrackFitterRieman.h
		include\IlcTrackFitterStraight.h = include\IlcTrackFitterStraight.h
		include\IlcTrackleter.h = include\IlcTrackleter.h
		include\IlcTrackPointArray.h = include\IlcTrackPointArray.h
		include\IlcTrackReference.h = include\IlcTrackReference.h
		include\IlcTrackResiduals.h = include\IlcTrackResiduals.h
		include\IlcTrackResidualsChi2.h = include\IlcTrackResidualsChi2.h
		include\IlcTrackResidualsFast.h = include\IlcTrackResidualsFast.h
		include\IlcTrackResidualsLinear.h = include\IlcTrackResidualsLinear.h
		include\IlcTRDPIDParams.h = include\IlcTRDPIDParams.h
		include\IlcTRDPIDReference.h = include\IlcTRDPIDReference.h
		include\IlcTRDPIDResponse.h = include\IlcTRDPIDResponse.h
		include\IlcTRDPIDResponseObject.h = include\IlcTRDPIDResponseObject.h
		include\IlcTRDTKDInterpolator.h = include\IlcTRDTKDInterpolator.h
		include\IlcTreeLoader.h = include\IlcTreeLoader.h
		include\IlcTriggerBCMask.h = include\IlcTriggerBCMask.h
		include\IlcTriggerClass.h = include\IlcTriggerClass.h
		include\IlcTriggerCluster.h = include\IlcTriggerCluster.h
		include\IlcTriggerConfiguration.h = include\IlcTriggerConfiguration.h
		include\IlcTriggerDescriptor.h = include\IlcTriggerDescriptor.h
		include\IlcTriggerDetector.h = include\IlcTriggerDetector.h
		include\IlcTriggerInput.h = include\IlcTriggerInput.h
		include\IlcTriggerInteraction.h = include\IlcTriggerInteraction.h
		include\IlcTriggerIR.h = include\IlcTriggerIR.h
		include\IlcTriggerPFProtection.h = include\IlcTriggerPFProtection.h
		include\IlcTriggerRunScalers.h = include\IlcTriggerRunScalers.h
		include\IlcTriggerScalers.h = include\IlcTriggerScalers.h
		include\IlcTriggerScalersESD.h = include\IlcTriggerScalersESD.h
		include\IlcTriggerScalersRecord.h = include\IlcTriggerScalersRecord.h
		include\IlcTriggerScalersRecordESD.h = include\IlcTriggerScalersRecordESD.h
		include\IlcTriggerUtils.h = include\IlcTriggerUtils.h
		include\IlcV0.h = include\IlcV0.h
		include\IlcV0vertexer.h = include\IlcV0vertexer.h
		include\IlcVCaloCells.h = include\IlcVCaloCells.h
		include\IlcVCluster.h = include\IlcVCluster.h
		include\IlcVCuts.h = include\IlcVCuts.h
		include\IlcVectorSparse.h = include\IlcVectorSparse.h
		include\IlcVertex.h = include\IlcVertex.h
		include\IlcVertexer.h = include\IlcVertexer.h
		include\IlcVertexerTracks.h = include\IlcVertexerTracks.h
		include\IlcVertexGenerator.h = include\IlcVertexGenerator.h
		include\IlcVertexGenFile.h = include\IlcVertexGenFile.h
		include\IlcVEvent.h = include\IlcVEvent.h
		include\IlcVEventHandler.h = include\IlcVEventHandler.h
		include\IlcVEventPool.h = include\IlcVEventPool.h
		include\IlcVHeader.h = include\IlcVHeader.h
		include\IlcVMERawStream.h = include\IlcVMERawStream.h
		include\IlcVMFT.h = include\IlcVMFT.h
		include\IlcVParticle.h = include\IlcVParticle.h
		include\IlcVTrack.h = include\IlcVTrack.h
		include\IlcVVertex.h = include\IlcVVertex.h
		include\IlcVVZERO.h = include\IlcVVZERO.h
		include\IlcVZDC.h = include\IlcVZDC.h
		include\LinkDef.h = include\LinkDef.h
		include\mdc.h = include\mdc.h
		include\MDCFilterLinkDef.h = include\MDCFilterLinkDef.h
		include\MDCLinkDef.h = include\MDCLinkDef.h
		include\ORKAAllPhysicsList.h = include\ORKAAllPhysicsList.h
		include\ORKALowEMPhysics.h = include\ORKALowEMPhysics.h
		include\ORKALowEMPhysicsList.h = include\ORKALowEMPhysicsList.h
		include\ORKARunConfiguration.h = include\ORKARunConfiguration.h
		include\PhysicsListLinkDef.h = include\PhysicsListLinkDef.h
		include\PVBARbaseLinkDef.h = include\PVBARbaseLinkDef.h
		include\PVBARHistos.h = include\PVBARHistos.h
		include\PVBARLinkDef.h = include\PVBARLinkDef.h
		include\PVBARpi0CalibLinkDef.h = include\PVBARpi0CalibLinkDef.h
		include\PVBARrecLinkDef.h = include\PVBARrecLinkDef.h
		include\PVBARshuttleLinkDef.h = include\PVBARshuttleLinkDef.h
		include\PVBARsimLinkDef.h = include\PVBARsimLinkDef.h
		include\PVBARUtilsLinkDef.h = include\PVBARUtilsLinkDef.h
		include\PVECbaseLinkDef.h = include\PVECbaseLinkDef.h
		include\PVECLinkDef.h = include\PVECLinkDef.h
		include\PVECsimLinkDef.h = include\PVECsimLinkDef.h
		include\PyquenCommon.h = include\PyquenCommon.h
		include\PYTHIA6Headers.h = include\PYTHIA6Headers.h
		include\pythia6LinkDef.h = include\pythia6LinkDef.h
		include\PythiaProcesses.h = include\PythiaProcesses.h
		include\RAWDatabaseLinkDef.h = include\RAWDatabaseLinkDef.h
		include\RAWDatarecLinkDef.h = include\RAWDatarecLinkDef.h
		include\RAWDatarecOnlineLinkDef.h = include\RAWDatarecOnlineLinkDef.h
		include\RAWDatasimLinkDef.h = include\RAWDatasimLinkDef.h
		include\RAWHeaders.h = include\RAWHeaders.h
		include\RAWLinkDef.h = include\RAWLinkDef.h
		include\RecAna.h = include\RecAna.h
		include\Resource.h = include\Resource.h
		include\RSTACKbaseLinkDef.h = include\RSTACKbaseLinkDef.h
		include\RSTACKLinkDef.h = include\RSTACKLinkDef.h
		include\RSTACKsimLinkDef.h = include\RSTACKsimLinkDef.h
		include\SHILConst.h = include\SHILConst.h
		include\SHILConst2.h = include\SHILConst2.h
		include\STEERBaseHeaders.h = include\STEERBaseHeaders.h
		include\STEERBaseLinkDef.h = include\STEERBaseLinkDef.h
		include\STEERHeaders.h = include\STEERHeaders.h
		include\STEERLinkDef.h = include\STEERLinkDef.h
		include\STRUCTheaders.h = include\STRUCTheaders.h
		include\STRUCTLinkDef.h = include\STRUCTLinkDef.h
		include\TARGETbaseLinkDef.h = include\TARGETbaseLinkDef.h
		include\TARGETLinkDef.h = include\TARGETLinkDef.h
		include\TARGETrecLinkDef.h = include\TARGETrecLinkDef.h
		include\TARGETsimLinkDef.h = include\TARGETsimLinkDef.h
		include\TGeant3.h = include\TGeant3.h
		include\TTreeStream.h = include\TTreeStream.h
	EndProjectSection
EndProject
Global
	GlobalSection(SubversionScc) = preSolution
		Svn-Managed = True
		Manager = AnkhSVN - Subversion Support for Visual Studio
	EndGlobalSection
	GlobalSection(SolutionConfigurationPlatforms) = preSolution
		Debug|Win32 = Debug|Win32
		Release|Win32 = Release|Win32
	EndGlobalSection
	GlobalSection(ProjectConfigurationPlatforms) = postSolution
		{655D0587-929C-4495-AE93-8FDACE1E1298}.Debug|Win32.ActiveCfg = Debug|Win32
		{655D0587-929C-4495-AE93-8FDACE1E1298}.Debug|Win32.Build.0 = Debug|Win32
		{655D0587-929C-4495-AE93-8FDACE1E1298}.Release|Win32.ActiveCfg = Release|Win32
		{655D0587-929C-4495-AE93-8FDACE1E1298}.Release|Win32.Build.0 = Release|Win32
		{1B60B699-9ED3-4EB3-B096-B68CE1B6CB56}.Debug|Win32.ActiveCfg = Debug|Win32
		{1B60B699-9ED3-4EB3-B096-B68CE1B6CB56}.Debug|Win32.Build.0 = Debug|Win32
		{1B60B699-9ED3-4EB3-B096-B68CE1B6CB56}.Release|Win32.ActiveCfg = Release|Win32
		{1B60B699-9ED3-4EB3-B096-B68CE1B6CB56}.Release|Win32.Build.0 = Release|Win32
		{09F3CC27-C9E1-488A-A2DF-1C9C89B20EB1}.Debug|Win32.ActiveCfg = Debug|Win32
		{09F3CC27-C9E1-488A-A2DF-1C9C89B20EB1}.Debug|Win32.Build.0 = Debug|Win32
		{09F3CC27-C9E1-488A-A2DF-1C9C89B20EB1}.Release|Win32.ActiveCfg = Release|Win32
		{09F3CC27-C9E1-488A-A2DF-1C9C89B20EB1}.Release|Win32.Build.0 = Release|Win32
		{20676623-672E-4F0B-B777-53EE21FD4ABB}.Debug|Win32.ActiveCfg = Debug|Win32
		{20676623-672E-4F0B-B777-53EE21FD4ABB}.Debug|Win32.Build.0 = Debug|Win32
		{20676623-672E-4F0B-B777-53EE21FD4ABB}.Release|Win32.ActiveCfg = Release|Win32
		{20676623-672E-4F0B-B777-53EE21FD4ABB}.Release|Win32.Build.0 = Release|Win32
		{F7EC355D-47CF-4205-9D48-C5184E60CE98}.Debug|Win32.ActiveCfg = Debug|Win32
		{F7EC355D-47CF-4205-9D48-C5184E60CE98}.Release|Win32.ActiveCfg = Release|Win32
		{F7EC355D-47CF-4205-9D48-C5184E60CE98}.Release|Win32.Build.0 = Release|Win32
		{D99AB4A0-17BD-47C1-B3C5-ED8E70BDE830}.Debug|Win32.ActiveCfg = Debug|Win32
		{D99AB4A0-17BD-47C1-B3C5-ED8E70BDE830}.Debug|Win32.Build.0 = Debug|Win32
		{D99AB4A0-17BD-47C1-B3C5-ED8E70BDE830}.Release|Win32.ActiveCfg = Release|Win32
		{D99AB4A0-17BD-47C1-B3C5-ED8E70BDE830}.Release|Win32.Build.0 = Release|Win32
		{1140EA39-F937-44F0-9201-E0A238825309}.Debug|Win32.ActiveCfg = Debug|Win32
		{1140EA39-F937-44F0-9201-E0A238825309}.Debug|Win32.Build.0 = Debug|Win32
		{1140EA39-F937-44F0-9201-E0A238825309}.Release|Win32.ActiveCfg = Release|Win32
		{1140EA39-F937-44F0-9201-E0A238825309}.Release|Win32.Build.0 = Release|Win32
		{D07091C7-2A79-492A-91F9-E964FBB5A51D}.Debug|Win32.ActiveCfg = Debug|Win32
		{D07091C7-2A79-492A-91F9-E964FBB5A51D}.Debug|Win32.Build.0 = Debug|Win32
		{D07091C7-2A79-492A-91F9-E964FBB5A51D}.Release|Win32.ActiveCfg = Release|Win32
		{D07091C7-2A79-492A-91F9-E964FBB5A51D}.Release|Win32.Build.0 = Release|Win32
		{BFB44B96-D591-4DAA-8248-8B9E665BB030}.Debug|Win32.ActiveCfg = Debug|Win32
		{BFB44B96-D591-4DAA-8248-8B9E665BB030}.Debug|Win32.Build.0 = Debug|Win32
		{BFB44B96-D591-4DAA-8248-8B9E665BB030}.Release|Win32.ActiveCfg = Release|Win32
		{BFB44B96-D591-4DAA-8248-8B9E665BB030}.Release|Win32.Build.0 = Release|Win32
		{BFA1B163-A3C2-4A4F-A3E5-029CF36F7F87}.Debug|Win32.ActiveCfg = Debug|Win32
		{BFA1B163-A3C2-4A4F-A3E5-029CF36F7F87}.Debug|Win32.Build.0 = Debug|Win32
		{BFA1B163-A3C2-4A4F-A3E5-029CF36F7F87}.Release|Win32.ActiveCfg = Release|Win32
		{BFA1B163-A3C2-4A4F-A3E5-029CF36F7F87}.Release|Win32.Build.0 = Release|Win32
		{20E51663-26A6-4173-A7FC-C3C01EBD7CA0}.Debug|Win32.ActiveCfg = Debug|Win32
		{20E51663-26A6-4173-A7FC-C3C01EBD7CA0}.Debug|Win32.Build.0 = Debug|Win32
		{20E51663-26A6-4173-A7FC-C3C01EBD7CA0}.Release|Win32.ActiveCfg = Release|Win32
		{20E51663-26A6-4173-A7FC-C3C01EBD7CA0}.Release|Win32.Build.0 = Release|Win32
		{5DDF5E68-4563-420B-ACBE-620262171818}.Debug|Win32.ActiveCfg = Debug|Win32
		{5DDF5E68-4563-420B-ACBE-620262171818}.Debug|Win32.Build.0 = Debug|Win32
		{5DDF5E68-4563-420B-ACBE-620262171818}.Release|Win32.ActiveCfg = Release|Win32
		{5DDF5E68-4563-420B-ACBE-620262171818}.Release|Win32.Build.0 = Release|Win32
		{5A15AFDB-2C0F-4913-9842-3EFA16AB3470}.Debug|Win32.ActiveCfg = Debug|Win32
		{5A15AFDB-2C0F-4913-9842-3EFA16AB3470}.Debug|Win32.Build.0 = Debug|Win32
		{5A15AFDB-2C0F-4913-9842-3EFA16AB3470}.Release|Win32.ActiveCfg = Release|Win32
		{5A15AFDB-2C0F-4913-9842-3EFA16AB3470}.Release|Win32.Build.0 = Release|Win32
		{C931BCBC-0EC3-46A1-85F4-745A47BBCA7F}.Debug|Win32.ActiveCfg = Debug|Win32
		{C931BCBC-0EC3-46A1-85F4-745A47BBCA7F}.Debug|Win32.Build.0 = Debug|Win32
		{C931BCBC-0EC3-46A1-85F4-745A47BBCA7F}.Release|Win32.ActiveCfg = Release|Win32
		{C931BCBC-0EC3-46A1-85F4-745A47BBCA7F}.Release|Win32.Build.0 = Release|Win32
		{17D94F31-44DD-409C-8DF8-628531FD6FA3}.Debug|Win32.ActiveCfg = Debug|Win32
		{17D94F31-44DD-409C-8DF8-628531FD6FA3}.Debug|Win32.Build.0 = Debug|Win32
		{17D94F31-44DD-409C-8DF8-628531FD6FA3}.Release|Win32.ActiveCfg = Release|Win32
		{17D94F31-44DD-409C-8DF8-628531FD6FA3}.Release|Win32.Build.0 = Release|Win32
		{3B983739-AAFE-44CA-B022-675BCE1C78FC}.Debug|Win32.ActiveCfg = Debug|Win32
		{3B983739-AAFE-44CA-B022-675BCE1C78FC}.Debug|Win32.Build.0 = Debug|Win32
		{3B983739-AAFE-44CA-B022-675BCE1C78FC}.Release|Win32.ActiveCfg = Release|Win32
		{3B983739-AAFE-44CA-B022-675BCE1C78FC}.Release|Win32.Build.0 = Release|Win32
		{AAC305E7-EFCF-48D3-86F5-50F08FBAC7F0}.Debug|Win32.ActiveCfg = Debug|Win32
		{AAC305E7-EFCF-48D3-86F5-50F08FBAC7F0}.Debug|Win32.Build.0 = Debug|Win32
		{AAC305E7-EFCF-48D3-86F5-50F08FBAC7F0}.Release|Win32.ActiveCfg = Release|Win32
		{AAC305E7-EFCF-48D3-86F5-50F08FBAC7F0}.Release|Win32.Build.0 = Release|Win32
		{90DB5CEF-FA9A-4880-B0D4-37AB153DA93F}.Debug|Win32.ActiveCfg = Debug|Win32
		{90DB5CEF-FA9A-4880-B0D4-37AB153DA93F}.Debug|Win32.Build.0 = Debug|Win32
		{90DB5CEF-FA9A-4880-B0D4-37AB153DA93F}.Release|Win32.ActiveCfg = Release|Win32
		{90DB5CEF-FA9A-4880-B0D4-37AB153DA93F}.Release|Win32.Build.0 = Release|Win32
		{3072AB81-CAB8-49CD-BB09-52364F9E2CFD}.Debug|Win32.ActiveCfg = Debug|Win32
		{3072AB81-CAB8-49CD-BB09-52364F9E2CFD}.Debug|Win32.Build.0 = Debug|Win32
		{3072AB81-CAB8-49CD-BB09-52364F9E2CFD}.Release|Win32.ActiveCfg = Release|Win32
		{3072AB81-CAB8-49CD-BB09-52364F9E2CFD}.Release|Win32.Build.0 = Release|Win32
		{FC109542-4293-4DB2-8BBF-93AF6F4DC283}.Debug|Win32.ActiveCfg = Debug|Win32
		{FC109542-4293-4DB2-8BBF-93AF6F4DC283}.Debug|Win32.Build.0 = Debug|Win32
		{FC109542-4293-4DB2-8BBF-93AF6F4DC283}.Release|Win32.ActiveCfg = Release|Win32
		{FC109542-4293-4DB2-8BBF-93AF6F4DC283}.Release|Win32.Build.0 = Release|Win32
		{6D66ACC5-0A55-4BFB-8766-46230F9B42BF}.Debug|Win32.ActiveCfg = Debug|Win32
		{6D66ACC5-0A55-4BFB-8766-46230F9B42BF}.Debug|Win32.Build.0 = Debug|Win32
		{6D66ACC5-0A55-4BFB-8766-46230F9B42BF}.Release|Win32.ActiveCfg = Release|Win32
		{6D66ACC5-0A55-4BFB-8766-46230F9B42BF}.Release|Win32.Build.0 = Release|Win32
	EndGlobalSection
	GlobalSection(SolutionProperties) = preSolution
		HideSolutionNode = FALSE
	EndGlobalSection
EndGlobal
